// !$*UTF8*$!
{
	archiveVersion = 1;
	classes = {
	};
	objectVersion = 46;
	objects = {

/* Begin PBXBuildFile section */
		1A05809B13752FBD00933267 /* CategoryViewController.m in Sources */ = {isa = PBXBuildFile; fileRef = 1A05809A13752FBD00933267 /* CategoryViewController.m */; };
		1A1DEACC13560D4200505A56 /* dbtemplate.sqlite in Resources */ = {isa = PBXBuildFile; fileRef = 1A1DEACB13560D4200505A56 /* dbtemplate.sqlite */; };
		1A1DEAD113560F3800505A56 /* Database.m in Sources */ = {isa = PBXBuildFile; fileRef = 1A1DEACE13560F3800505A56 /* Database.m */; };
		1A1DEAD31356133200505A56 /* libsqlite3.0.dylib in Frameworks */ = {isa = PBXBuildFile; fileRef = 1A1DEAD21356133200505A56 /* libsqlite3.0.dylib */; };
		1A1DEAD51356135D00505A56 /* libstdc++.dylib in Frameworks */ = {isa = PBXBuildFile; fileRef = 1A1DEAD41356135D00505A56 /* libstdc++.dylib */; };
		1A1DEADE1357662200505A56 /* CategoryManager.m in Sources */ = {isa = PBXBuildFile; fileRef = 1A1DEADD1357662200505A56 /* CategoryManager.m */; };
		1A3BB35813DC5471008E4FF4 /* accesories_s.png in Resources */ = {isa = PBXBuildFile; fileRef = 1A3BB34113DC5470008E4FF4 /* accesories_s.png */; };
		1A3BB35913DC5471008E4FF4 /* appliance_s.png in Resources */ = {isa = PBXBuildFile; fileRef = 1A3BB34213DC5470008E4FF4 /* appliance_s.png */; };
		1A3BB35A13DC5471008E4FF4 /* automobile_s.png in Resources */ = {isa = PBXBuildFile; fileRef = 1A3BB34313DC5470008E4FF4 /* automobile_s.png */; };
		1A3BB35B13DC5471008E4FF4 /* beauty_s.png in Resources */ = {isa = PBXBuildFile; fileRef = 1A3BB34413DC5470008E4FF4 /* beauty_s.png */; };
		1A3BB35C13DC5471008E4FF4 /* beverage_s.png in Resources */ = {isa = PBXBuildFile; fileRef = 1A3BB34513DC5471008E4FF4 /* beverage_s.png */; };
		1A3BB35D13DC5471008E4FF4 /* clothes_s.png in Resources */ = {isa = PBXBuildFile; fileRef = 1A3BB34613DC5471008E4FF4 /* clothes_s.png */; };
		1A3BB35E13DC5471008E4FF4 /* dining_s.png in Resources */ = {isa = PBXBuildFile; fileRef = 1A3BB34713DC5471008E4FF4 /* dining_s.png */; };
		1A3BB35F13DC5471008E4FF4 /* drink_s.png in Resources */ = {isa = PBXBuildFile; fileRef = 1A3BB34813DC5471008E4FF4 /* drink_s.png */; };
		1A3BB36013DC5471008E4FF4 /* health_s.png in Resources */ = {isa = PBXBuildFile; fileRef = 1A3BB34913DC5471008E4FF4 /* health_s.png */; };
		1A3BB36113DC5471008E4FF4 /* hobby_s.png in Resources */ = {isa = PBXBuildFile; fileRef = 1A3BB34A13DC5471008E4FF4 /* hobby_s.png */; };
		1A3BB36213DC5471008E4FF4 /* learning_s.png in Resources */ = {isa = PBXBuildFile; fileRef = 1A3BB34B13DC5471008E4FF4 /* learning_s.png */; };
		1A3BB36313DC5471008E4FF4 /* lesure_s.png in Resources */ = {isa = PBXBuildFile; fileRef = 1A3BB34C13DC5471008E4FF4 /* lesure_s.png */; };
		1A3BB36413DC5471008E4FF4 /* living_s.png in Resources */ = {isa = PBXBuildFile; fileRef = 1A3BB34D13DC5471008E4FF4 /* living_s.png */; };
		1A3BB36513DC5471008E4FF4 /* misc_s.png in Resources */ = {isa = PBXBuildFile; fileRef = 1A3BB34E13DC5471008E4FF4 /* misc_s.png */; };
		1A3BB36613DC5471008E4FF4 /* network_s.png in Resources */ = {isa = PBXBuildFile; fileRef = 1A3BB34F13DC5471008E4FF4 /* network_s.png */; };
		1A3BB36713DC5471008E4FF4 /* pet_s.png in Resources */ = {isa = PBXBuildFile; fileRef = 1A3BB35013DC5471008E4FF4 /* pet_s.png */; };
		1A3BB36813DC5471008E4FF4 /* reading_s.png in Resources */ = {isa = PBXBuildFile; fileRef = 1A3BB35113DC5471008E4FF4 /* reading_s.png */; };
		1A3BB36913DC5471008E4FF4 /* shoes_s.png in Resources */ = {isa = PBXBuildFile; fileRef = 1A3BB35213DC5471008E4FF4 /* shoes_s.png */; };
		1A3BB36A13DC5471008E4FF4 /* snack_s.png in Resources */ = {isa = PBXBuildFile; fileRef = 1A3BB35313DC5471008E4FF4 /* snack_s.png */; };
		1A3BB36B13DC5471008E4FF4 /* taxi_s.png in Resources */ = {isa = PBXBuildFile; fileRef = 1A3BB35413DC5471008E4FF4 /* taxi_s.png */; };
		1A3BB36C13DC5471008E4FF4 /* touring_s.png in Resources */ = {isa = PBXBuildFile; fileRef = 1A3BB35513DC5471008E4FF4 /* touring_s.png */; };
		1A3BB36D13DC5471008E4FF4 /* transportation_s.png in Resources */ = {isa = PBXBuildFile; fileRef = 1A3BB35613DC5471008E4FF4 /* transportation_s.png */; };
		1A3BB36E13DC5471008E4FF4 /* workout_s.png in Resources */ = {isa = PBXBuildFile; fileRef = 1A3BB35713DC5471008E4FF4 /* workout_s.png */; };
		1A40E91313C2B97400A60279 /* Utility.m in Sources */ = {isa = PBXBuildFile; fileRef = 1A40E91113C2B97400A60279 /* Utility.m */; };
		1A459D761387999A00036EC2 /* RootViewController.m in Sources */ = {isa = PBXBuildFile; fileRef = 1A459D741387999A00036EC2 /* RootViewController.m */; };
		1A459D89138799B800036EC2 /* boxtop.png in Resources */ = {isa = PBXBuildFile; fileRef = 1A459D7B138799B800036EC2 /* boxtop.png */; };
		1A459D8B138799B800036EC2 /* footer.png in Resources */ = {isa = PBXBuildFile; fileRef = 1A459D7D138799B800036EC2 /* footer.png */; };
		1A459D8C138799B800036EC2 /* greenpaper.png in Resources */ = {isa = PBXBuildFile; fileRef = 1A459D7E138799B800036EC2 /* greenpaper.png */; };
		1A459D8D138799B800036EC2 /* header.png in Resources */ = {isa = PBXBuildFile; fileRef = 1A459D7F138799B800036EC2 /* header.png */; };
		1A459D8F138799B800036EC2 /* hline.png in Resources */ = {isa = PBXBuildFile; fileRef = 1A459D81138799B800036EC2 /* hline.png */; };
		1A459D92138799B800036EC2 /* stamp.png in Resources */ = {isa = PBXBuildFile; fileRef = 1A459D84138799B800036EC2 /* stamp.png */; };
		1A459D93138799B800036EC2 /* thread.png in Resources */ = {isa = PBXBuildFile; fileRef = 1A459D85138799B800036EC2 /* thread.png */; };
		1A459D95138799B800036EC2 /* whitepaper.png in Resources */ = {isa = PBXBuildFile; fileRef = 1A459D87138799B800036EC2 /* whitepaper.png */; };
		1A459DA01387D06C00036EC2 /* keyboardbg.png in Resources */ = {isa = PBXBuildFile; fileRef = 1A459D9F1387D06C00036EC2 /* keyboardbg.png */; };
		1A6B5E1213F2BD09007BC798 /* calc.button.down.png in Resources */ = {isa = PBXBuildFile; fileRef = 1A6B5E0A13F2BD09007BC798 /* calc.button.down.png */; };
		1A6B5E1313F2BD09007BC798 /* calc.button.down@2x.png in Resources */ = {isa = PBXBuildFile; fileRef = 1A6B5E0B13F2BD09007BC798 /* calc.button.down@2x.png */; };
		1A6B5E1413F2BD09007BC798 /* calc.button.green.down.png in Resources */ = {isa = PBXBuildFile; fileRef = 1A6B5E0C13F2BD09007BC798 /* calc.button.green.down.png */; };
		1A6B5E1513F2BD09007BC798 /* calc.button.green.down@2x.png in Resources */ = {isa = PBXBuildFile; fileRef = 1A6B5E0D13F2BD09007BC798 /* calc.button.green.down@2x.png */; };
		1A6B5E1613F2BD09007BC798 /* calc.button.png in Resources */ = {isa = PBXBuildFile; fileRef = 1A6B5E0E13F2BD09007BC798 /* calc.button.png */; };
		1A6B5E1713F2BD09007BC798 /* calc.button@2x.png in Resources */ = {isa = PBXBuildFile; fileRef = 1A6B5E0F13F2BD09007BC798 /* calc.button@2x.png */; };
		1A6B5E1813F2BD09007BC798 /* calc.dot.png in Resources */ = {isa = PBXBuildFile; fileRef = 1A6B5E1013F2BD09007BC798 /* calc.dot.png */; };
		1A6B5E1913F2BD09007BC798 /* calc.dot@2x.png in Resources */ = {isa = PBXBuildFile; fileRef = 1A6B5E1113F2BD09007BC798 /* calc.dot@2x.png */; };
		1A6B5E4313F2C47C007BC798 /* MainWindow.xib in Resources */ = {isa = PBXBuildFile; fileRef = 1A6B5E4413F2C47C007BC798 /* MainWindow.xib */; };
		1A6B5E4513F2C48E007BC798 /* FirstView.xib in Resources */ = {isa = PBXBuildFile; fileRef = 1A6B5E4613F2C48E007BC798 /* FirstView.xib */; };
		1A6B5E4713F2C495007BC798 /* SecondView.xib in Resources */ = {isa = PBXBuildFile; fileRef = 1A6B5E4813F2C495007BC798 /* SecondView.xib */; };
		1A6B5E4913F2C49D007BC798 /* MiddleView.xib in Resources */ = {isa = PBXBuildFile; fileRef = 1A6B5E4A13F2C49D007BC798 /* MiddleView.xib */; };
		1A6B5E4B13F2C4A6007BC798 /* BudgetView.xib in Resources */ = {isa = PBXBuildFile; fileRef = 1A6B5E4C13F2C4A6007BC798 /* BudgetView.xib */; };
		1A6B5E4D13F2C4B0007BC798 /* SettingView.xib in Resources */ = {isa = PBXBuildFile; fileRef = 1A6B5E4E13F2C4B0007BC798 /* SettingView.xib */; };
		1A6B5E4F13F2C4B6007BC798 /* ExpenseCell.xib in Resources */ = {isa = PBXBuildFile; fileRef = 1A6B5E5013F2C4B7007BC798 /* ExpenseCell.xib */; };
		1A6B5E5113F2C4C2007BC798 /* AboutViewController.xib in Resources */ = {isa = PBXBuildFile; fileRef = 1A6B5E5213F2C4C2007BC798 /* AboutViewController.xib */; };
		1A6B5E5513F2EA75007BC798 /* ExpenseCellWithDate.xib in Resources */ = {isa = PBXBuildFile; fileRef = 1A6B5E5413F2EA75007BC798 /* ExpenseCellWithDate.xib */; };
		1A6B5E5713F2EBCB007BC798 /* CellHeader.xib in Resources */ = {isa = PBXBuildFile; fileRef = 1A6B5E5613F2EBCB007BC798 /* CellHeader.xib */; };
		1A6B5E5913F2EBFF007BC798 /* CellFooter.xib in Resources */ = {isa = PBXBuildFile; fileRef = 1A6B5E5813F2EBFF007BC798 /* CellFooter.xib */; };
		1A9430B313F418870040D62B /* MonthPickerController.m in Sources */ = {isa = PBXBuildFile; fileRef = 1A9430B113F418870040D62B /* MonthPickerController.m */; };
		1A9430B413F418870040D62B /* MonthPickerController.xib in Resources */ = {isa = PBXBuildFile; fileRef = 1A9430B213F418870040D62B /* MonthPickerController.xib */; };
		1AA03954135A8D3500245B2C /* ExpenseManager.m in Sources */ = {isa = PBXBuildFile; fileRef = 1AA03953135A8D3400245B2C /* ExpenseManager.m */; };
		1AA3058413CC8ECD0032296C /* accesories_h.png in Resources */ = {isa = PBXBuildFile; fileRef = 1AA3055613CC8ECD0032296C /* accesories_h.png */; };
		1AA3058513CC8ECD0032296C /* accesories.png in Resources */ = {isa = PBXBuildFile; fileRef = 1AA3055713CC8ECD0032296C /* accesories.png */; };
		1AA3058613CC8ECD0032296C /* appliance_h.png in Resources */ = {isa = PBXBuildFile; fileRef = 1AA3055813CC8ECD0032296C /* appliance_h.png */; };
		1AA3058713CC8ECD0032296C /* appliance.png in Resources */ = {isa = PBXBuildFile; fileRef = 1AA3055913CC8ECD0032296C /* appliance.png */; };
		1AA3058813CC8ECD0032296C /* automobile_h.png in Resources */ = {isa = PBXBuildFile; fileRef = 1AA3055A13CC8ECD0032296C /* automobile_h.png */; };
		1AA3058913CC8ECD0032296C /* automobile.png in Resources */ = {isa = PBXBuildFile; fileRef = 1AA3055B13CC8ECD0032296C /* automobile.png */; };
		1AA3058A13CC8ECD0032296C /* beauty_h.png in Resources */ = {isa = PBXBuildFile; fileRef = 1AA3055C13CC8ECD0032296C /* beauty_h.png */; };
		1AA3058B13CC8ECD0032296C /* beauty.png in Resources */ = {isa = PBXBuildFile; fileRef = 1AA3055D13CC8ECD0032296C /* beauty.png */; };
		1AA3058C13CC8ECD0032296C /* beverage_h.png in Resources */ = {isa = PBXBuildFile; fileRef = 1AA3055E13CC8ECD0032296C /* beverage_h.png */; };
		1AA3058D13CC8ECD0032296C /* beverage.png in Resources */ = {isa = PBXBuildFile; fileRef = 1AA3055F13CC8ECD0032296C /* beverage.png */; };
		1AA3058E13CC8ECD0032296C /* clothes_h.png in Resources */ = {isa = PBXBuildFile; fileRef = 1AA3056013CC8ECD0032296C /* clothes_h.png */; };
		1AA3058F13CC8ECD0032296C /* clothes.png in Resources */ = {isa = PBXBuildFile; fileRef = 1AA3056113CC8ECD0032296C /* clothes.png */; };
		1AA3059013CC8ECD0032296C /* dining_h.png in Resources */ = {isa = PBXBuildFile; fileRef = 1AA3056213CC8ECD0032296C /* dining_h.png */; };
		1AA3059113CC8ECD0032296C /* dining.png in Resources */ = {isa = PBXBuildFile; fileRef = 1AA3056313CC8ECD0032296C /* dining.png */; };
		1AA3059213CC8ECD0032296C /* drink_h.png in Resources */ = {isa = PBXBuildFile; fileRef = 1AA3056413CC8ECD0032296C /* drink_h.png */; };
		1AA3059313CC8ECD0032296C /* drink.png in Resources */ = {isa = PBXBuildFile; fileRef = 1AA3056513CC8ECD0032296C /* drink.png */; };
		1AA3059413CC8ECD0032296C /* health_h.png in Resources */ = {isa = PBXBuildFile; fileRef = 1AA3056613CC8ECD0032296C /* health_h.png */; };
		1AA3059513CC8ECD0032296C /* health.png in Resources */ = {isa = PBXBuildFile; fileRef = 1AA3056713CC8ECD0032296C /* health.png */; };
		1AA3059613CC8ECD0032296C /* hobby_h.png in Resources */ = {isa = PBXBuildFile; fileRef = 1AA3056813CC8ECD0032296C /* hobby_h.png */; };
		1AA3059713CC8ECD0032296C /* hobby.png in Resources */ = {isa = PBXBuildFile; fileRef = 1AA3056913CC8ECD0032296C /* hobby.png */; };
		1AA3059813CC8ECD0032296C /* learning_h.png in Resources */ = {isa = PBXBuildFile; fileRef = 1AA3056A13CC8ECD0032296C /* learning_h.png */; };
		1AA3059913CC8ECD0032296C /* learning.png in Resources */ = {isa = PBXBuildFile; fileRef = 1AA3056B13CC8ECD0032296C /* learning.png */; };
		1AA3059A13CC8ECD0032296C /* lesure_h.png in Resources */ = {isa = PBXBuildFile; fileRef = 1AA3056C13CC8ECD0032296C /* lesure_h.png */; };
		1AA3059B13CC8ECD0032296C /* lesure.png in Resources */ = {isa = PBXBuildFile; fileRef = 1AA3056D13CC8ECD0032296C /* lesure.png */; };
		1AA3059C13CC8ECD0032296C /* living_h.png in Resources */ = {isa = PBXBuildFile; fileRef = 1AA3056E13CC8ECD0032296C /* living_h.png */; };
		1AA3059D13CC8ECD0032296C /* living.png in Resources */ = {isa = PBXBuildFile; fileRef = 1AA3056F13CC8ECD0032296C /* living.png */; };
		1AA305A013CC8ECD0032296C /* network_h.png in Resources */ = {isa = PBXBuildFile; fileRef = 1AA3057213CC8ECD0032296C /* network_h.png */; };
		1AA305A113CC8ECD0032296C /* network.png in Resources */ = {isa = PBXBuildFile; fileRef = 1AA3057313CC8ECD0032296C /* network.png */; };
		1AA305A213CC8ECD0032296C /* pet_h.png in Resources */ = {isa = PBXBuildFile; fileRef = 1AA3057413CC8ECD0032296C /* pet_h.png */; };
		1AA305A313CC8ECD0032296C /* pet.png in Resources */ = {isa = PBXBuildFile; fileRef = 1AA3057513CC8ECD0032296C /* pet.png */; };
		1AA305A413CC8ECD0032296C /* reading_h.png in Resources */ = {isa = PBXBuildFile; fileRef = 1AA3057613CC8ECD0032296C /* reading_h.png */; };
		1AA305A513CC8ECD0032296C /* reading.png in Resources */ = {isa = PBXBuildFile; fileRef = 1AA3057713CC8ECD0032296C /* reading.png */; };
		1AA305A613CC8ECD0032296C /* shoes_h.png in Resources */ = {isa = PBXBuildFile; fileRef = 1AA3057813CC8ECD0032296C /* shoes_h.png */; };
		1AA305A713CC8ECD0032296C /* shoes.png in Resources */ = {isa = PBXBuildFile; fileRef = 1AA3057913CC8ECD0032296C /* shoes.png */; };
		1AA305A813CC8ECD0032296C /* snack_h.png in Resources */ = {isa = PBXBuildFile; fileRef = 1AA3057A13CC8ECD0032296C /* snack_h.png */; };
		1AA305A913CC8ECD0032296C /* snack.png in Resources */ = {isa = PBXBuildFile; fileRef = 1AA3057B13CC8ECD0032296C /* snack.png */; };
		1AA305AA13CC8ECD0032296C /* taxi_h.png in Resources */ = {isa = PBXBuildFile; fileRef = 1AA3057C13CC8ECD0032296C /* taxi_h.png */; };
		1AA305AB13CC8ECD0032296C /* taxi.png in Resources */ = {isa = PBXBuildFile; fileRef = 1AA3057D13CC8ECD0032296C /* taxi.png */; };
		1AA305AC13CC8ECD0032296C /* touring_h.png in Resources */ = {isa = PBXBuildFile; fileRef = 1AA3057E13CC8ECD0032296C /* touring_h.png */; };
		1AA305AD13CC8ECD0032296C /* touring.png in Resources */ = {isa = PBXBuildFile; fileRef = 1AA3057F13CC8ECD0032296C /* touring.png */; };
		1AA305AE13CC8ECD0032296C /* transportation_h.png in Resources */ = {isa = PBXBuildFile; fileRef = 1AA3058013CC8ECD0032296C /* transportation_h.png */; };
		1AA305AF13CC8ECD0032296C /* transportation.png in Resources */ = {isa = PBXBuildFile; fileRef = 1AA3058113CC8ECD0032296C /* transportation.png */; };
		1AA305B013CC8ECD0032296C /* workout_h.png in Resources */ = {isa = PBXBuildFile; fileRef = 1AA3058213CC8ECD0032296C /* workout_h.png */; };
		1AA305B113CC8ECD0032296C /* workout.png in Resources */ = {isa = PBXBuildFile; fileRef = 1AA3058313CC8ECD0032296C /* workout.png */; };
		1AA305B413CCAD5E0032296C /* misc_h.png in Resources */ = {isa = PBXBuildFile; fileRef = 1AA305B213CCAD5E0032296C /* misc_h.png */; };
		1AA305B513CCAD5E0032296C /* misc.png in Resources */ = {isa = PBXBuildFile; fileRef = 1AA305B313CCAD5E0032296C /* misc.png */; };
		1AA6C1F713D2AB1E002CE001 /* Statistics.m in Sources */ = {isa = PBXBuildFile; fileRef = 1AA6C1F613D2AB1E002CE001 /* Statistics.m */; };
		1AA75C0E13F1542E00D8016E /* sticker.png in Resources */ = {isa = PBXBuildFile; fileRef = 1AA75C0B13F1542E00D8016E /* sticker.png */; };
		1AA75C1113F154B200D8016E /* tab.down.png in Resources */ = {isa = PBXBuildFile; fileRef = 1AA75C0F13F154B200D8016E /* tab.down.png */; };
		1AA75C1213F154B200D8016E /* tab.down@2x.png in Resources */ = {isa = PBXBuildFile; fileRef = 1AA75C1013F154B200D8016E /* tab.down@2x.png */; };
		1AA75C1713F1564400D8016E /* button.small.base.png in Resources */ = {isa = PBXBuildFile; fileRef = 1AA75C1313F1564400D8016E /* button.small.base.png */; };
		1AA75C1813F1564400D8016E /* button.small.base@2x.png in Resources */ = {isa = PBXBuildFile; fileRef = 1AA75C1413F1564400D8016E /* button.small.base@2x.png */; };
		1AA75C1913F1564400D8016E /* button.small.selected.png in Resources */ = {isa = PBXBuildFile; fileRef = 1AA75C1513F1564400D8016E /* button.small.selected.png */; };
		1AA75C1A13F1564400D8016E /* button.small.selected@2x.png in Resources */ = {isa = PBXBuildFile; fileRef = 1AA75C1613F1564400D8016E /* button.small.selected@2x.png */; };
		1AA75C1C13F15C4C00D8016E /* dotline.png in Resources */ = {isa = PBXBuildFile; fileRef = 1AA75C1B13F15C4C00D8016E /* dotline.png */; };
		1AA75C2B13F16E9E00D8016E /* calc.button.green.png in Resources */ = {isa = PBXBuildFile; fileRef = 1AA75C1D13F16E9E00D8016E /* calc.button.green.png */; };
		1AA75C2C13F16E9E00D8016E /* calc.button.green@2x.png in Resources */ = {isa = PBXBuildFile; fileRef = 1AA75C1E13F16E9E00D8016E /* calc.button.green@2x.png */; };
		1AA75C2D13F16E9E00D8016E /* calc.delete.png in Resources */ = {isa = PBXBuildFile; fileRef = 1AA75C1F13F16E9E00D8016E /* calc.delete.png */; };
		1AA75C2E13F16E9E00D8016E /* calc.delete@2x.png in Resources */ = {isa = PBXBuildFile; fileRef = 1AA75C2013F16E9E00D8016E /* calc.delete@2x.png */; };
		1AA75C2F13F16E9E00D8016E /* calc.divide.png in Resources */ = {isa = PBXBuildFile; fileRef = 1AA75C2113F16E9E00D8016E /* calc.divide.png */; };
		1AA75C3013F16E9E00D8016E /* calc.divide@2x.png in Resources */ = {isa = PBXBuildFile; fileRef = 1AA75C2213F16E9E00D8016E /* calc.divide@2x.png */; };
		1AA75C3113F16E9E00D8016E /* calc.minus.png in Resources */ = {isa = PBXBuildFile; fileRef = 1AA75C2313F16E9E00D8016E /* calc.minus.png */; };
		1AA75C3213F16E9E00D8016E /* calc.minus@2x.png in Resources */ = {isa = PBXBuildFile; fileRef = 1AA75C2413F16E9E00D8016E /* calc.minus@2x.png */; };
		1AA75C3313F16E9E00D8016E /* calc.multiply.png in Resources */ = {isa = PBXBuildFile; fileRef = 1AA75C2513F16E9E00D8016E /* calc.multiply.png */; };
		1AA75C3413F16E9E00D8016E /* calc.multiply@2x.png in Resources */ = {isa = PBXBuildFile; fileRef = 1AA75C2613F16E9E00D8016E /* calc.multiply@2x.png */; };
		1AA75C3513F16E9E00D8016E /* calc.plus.png in Resources */ = {isa = PBXBuildFile; fileRef = 1AA75C2713F16E9E00D8016E /* calc.plus.png */; };
		1AA75C3613F16E9E00D8016E /* calc.plus@2x.png in Resources */ = {isa = PBXBuildFile; fileRef = 1AA75C2813F16E9E00D8016E /* calc.plus@2x.png */; };
		1AA75C3C13F1976A00D8016E /* camera.png in Resources */ = {isa = PBXBuildFile; fileRef = 1AA75C3913F1976A00D8016E /* camera.png */; };
		1AA75C3D13F1976A00D8016E /* camera.selected.png in Resources */ = {isa = PBXBuildFile; fileRef = 1AA75C3A13F1976A00D8016E /* camera.selected.png */; };
		1AA75C3E13F1976A00D8016E /* camera.selected@2x.png in Resources */ = {isa = PBXBuildFile; fileRef = 1AA75C3B13F1976A00D8016E /* camera.selected@2x.png */; };
		1AA75C4313F198BE00D8016E /* photo.png in Resources */ = {isa = PBXBuildFile; fileRef = 1AA75C3F13F198BE00D8016E /* photo.png */; };
		1AA75C4413F198BE00D8016E /* settings.about.png in Resources */ = {isa = PBXBuildFile; fileRef = 1AA75C4013F198BE00D8016E /* settings.about.png */; };
		1AA75C4513F198BE00D8016E /* settings.budget.png in Resources */ = {isa = PBXBuildFile; fileRef = 1AA75C4113F198BE00D8016E /* settings.budget.png */; };
		1AA75C4613F198BE00D8016E /* settings.startup.png in Resources */ = {isa = PBXBuildFile; fileRef = 1AA75C4213F198BE00D8016E /* settings.startup.png */; };
		1AA75CE413F19D7800D8016E /* switch.amount.png in Resources */ = {isa = PBXBuildFile; fileRef = 1AA75CE013F19D7800D8016E /* switch.amount.png */; };
		1AA75CE513F19D7800D8016E /* switch.amount@2x.png in Resources */ = {isa = PBXBuildFile; fileRef = 1AA75CE113F19D7800D8016E /* switch.amount@2x.png */; };
		1AA75CE613F19D7800D8016E /* switch.category.png in Resources */ = {isa = PBXBuildFile; fileRef = 1AA75CE213F19D7800D8016E /* switch.category.png */; };
		1AA75CE713F19D7800D8016E /* switch.category@2x.png in Resources */ = {isa = PBXBuildFile; fileRef = 1AA75CE313F19D7800D8016E /* switch.category@2x.png */; };
		1AAD1392132BB1B00035BA92 /* UIKit.framework in Frameworks */ = {isa = PBXBuildFile; fileRef = 1AAD1391132BB1B00035BA92 /* UIKit.framework */; };
		1AAD1394132BB1B00035BA92 /* Foundation.framework in Frameworks */ = {isa = PBXBuildFile; fileRef = 1AAD1393132BB1B00035BA92 /* Foundation.framework */; };
		1AAD1396132BB1B00035BA92 /* CoreGraphics.framework in Frameworks */ = {isa = PBXBuildFile; fileRef = 1AAD1395132BB1B00035BA92 /* CoreGraphics.framework */; };
		1AAD139C132BB1B00035BA92 /* InfoPlist.strings in Resources */ = {isa = PBXBuildFile; fileRef = 1AAD139A132BB1B00035BA92 /* InfoPlist.strings */; };
		1AAD139F132BB1B00035BA92 /* main.m in Sources */ = {isa = PBXBuildFile; fileRef = 1AAD139E132BB1B00035BA92 /* main.m */; };
		1AAD13A2132BB1B00035BA92 /* helloAppDelegate.mm in Sources */ = {isa = PBXBuildFile; fileRef = 1AAD13A1132BB1B00035BA92 /* helloAppDelegate.mm */; };
		1AAD13A8132BB1B00035BA92 /* FirstViewController.m in Sources */ = {isa = PBXBuildFile; fileRef = 1AAD13A7132BB1B00035BA92 /* FirstViewController.m */; };
		1AAD13AB132BB1B00035BA92 /* SecondViewController.m in Sources */ = {isa = PBXBuildFile; fileRef = 1AAD13AA132BB1B00035BA92 /* SecondViewController.m */; };
		1AAD13BA132BB5770035BA92 /* MiddleViewController.m in Sources */ = {isa = PBXBuildFile; fileRef = 1AAD13B8132BB5770035BA92 /* MiddleViewController.m */; };
		1AAD13DB133345A90035BA92 /* BudgetView.m in Sources */ = {isa = PBXBuildFile; fileRef = 1AAD13D9133345A90035BA92 /* BudgetView.m */; };
		1AAD13E813335A1C0035BA92 /* SettingView.m in Sources */ = {isa = PBXBuildFile; fileRef = 1AAD13E613335A170035BA92 /* SettingView.m */; };
		1AB681F713EADFCF00AF7265 /* arrow@2x.png in Resources */ = {isa = PBXBuildFile; fileRef = 1AB681F613EADFCF00AF7265 /* arrow@2x.png */; };
		1AB681FE13EAE05300AF7265 /* settings@2x.png in Resources */ = {isa = PBXBuildFile; fileRef = 1AB681FB13EAE05300AF7265 /* settings@2x.png */; };
		1AB6820213EAE26200AF7265 /* add.transaction@2x.png in Resources */ = {isa = PBXBuildFile; fileRef = 1AB681FF13EAE26200AF7265 /* add.transaction@2x.png */; };
		1AB6820313EAE26200AF7265 /* tab.history@2x.png in Resources */ = {isa = PBXBuildFile; fileRef = 1AB6820013EAE26200AF7265 /* tab.history@2x.png */; };
		1AB6820413EAE26200AF7265 /* tab.today@2x.png in Resources */ = {isa = PBXBuildFile; fileRef = 1AB6820113EAE26200AF7265 /* tab.today@2x.png */; };
		1AB6820613EAE2BA00AF7265 /* tab.button@2x.png in Resources */ = {isa = PBXBuildFile; fileRef = 1AB6820513EAE2BA00AF7265 /* tab.button@2x.png */; };
		1AB6820A13EAF32200AF7265 /* sticker@2x.png in Resources */ = {isa = PBXBuildFile; fileRef = 1AB6820913EAF32200AF7265 /* sticker@2x.png */; };
		1AB6820C13EAFAB900AF7265 /* unknown@2x.png in Resources */ = {isa = PBXBuildFile; fileRef = 1AB6820B13EAFAB900AF7265 /* unknown@2x.png */; };
		1AB6820E13EAFAC100AF7265 /* frame@2x.png in Resources */ = {isa = PBXBuildFile; fileRef = 1AB6820D13EAFAC100AF7265 /* frame@2x.png */; };
		1AC167F513E8495500FB1044 /* photo@2x.png in Resources */ = {isa = PBXBuildFile; fileRef = 1AC167F413E8495400FB1044 /* photo@2x.png */; };
		1AC1F13213DEF96400A1C7AD /* camera@2x.png in Resources */ = {isa = PBXBuildFile; fileRef = 1AC1F12E13DEF96400A1C7AD /* camera@2x.png */; };
		1AC20BF913D5C216004A4E32 /* keyboardbglite.png in Resources */ = {isa = PBXBuildFile; fileRef = 1AC20BF813D5C216004A4E32 /* keyboardbglite.png */; };
		1AD88A2013ED6C8800804635 /* settings.about@2x.png in Resources */ = {isa = PBXBuildFile; fileRef = 1AD88A1D13ED6C8800804635 /* settings.about@2x.png */; };
		1AD88A2113ED6C8800804635 /* settings.budget@2x.png in Resources */ = {isa = PBXBuildFile; fileRef = 1AD88A1E13ED6C8800804635 /* settings.budget@2x.png */; };
		1AD88A2213ED6C8800804635 /* settings.startup@2x.png in Resources */ = {isa = PBXBuildFile; fileRef = 1AD88A1F13ED6C8800804635 /* settings.startup@2x.png */; };
		1AD88A6813ED90C300804635 /* ExpenseHistoryViewController.m in Sources */ = {isa = PBXBuildFile; fileRef = 1AD88A6613ED90C200804635 /* ExpenseHistoryViewController.m */; };
		1AD88A6913ED90C300804635 /* ExpenseHistoryViewController.xib in Resources */ = {isa = PBXBuildFile; fileRef = 1AD88A6713ED90C200804635 /* ExpenseHistoryViewController.xib */; };
		1AD88A6E13ED96D800804635 /* AboutViewController.m in Sources */ = {isa = PBXBuildFile; fileRef = 1AD88A6C13ED96D600804635 /* AboutViewController.m */; };
		1AE433A01375AC82005AAB8F /* QuartzCore.framework in Frameworks */ = {isa = PBXBuildFile; fileRef = 1AE4339F1375AC82005AAB8F /* QuartzCore.framework */; };
		1AE433A313762B7A005AAB8F /* iconlist.plist in Resources */ = {isa = PBXBuildFile; fileRef = 1AE433A213762B7A005AAB8F /* iconlist.plist */; };
		1AE433A613763514005AAB8F /* BudgetManager.m in Sources */ = {isa = PBXBuildFile; fileRef = 1AE433A513763513005AAB8F /* BudgetManager.m */; };
		1AE5C670139A2C51008EC75A /* PlanManager.m in Sources */ = {isa = PBXBuildFile; fileRef = 1AE5C66F139A2C51008EC75A /* PlanManager.m */; };
		1AF6BD2213EC24C500D78022 /* woju.png in Resources */ = {isa = PBXBuildFile; fileRef = 1AF6BD2013EC24C500D78022 /* woju.png */; };
		1AF6BD2313EC24C500D78022 /* woju@2x.png in Resources */ = {isa = PBXBuildFile; fileRef = 1AF6BD2113EC24C500D78022 /* woju@2x.png */; };
		1AF99C3D13F04E7A008DF7D0 /* add.transaction.png in Resources */ = {isa = PBXBuildFile; fileRef = 1AF99C3913F04E7A008DF7D0 /* add.transaction.png */; };
		1AF99C3E13F04E7A008DF7D0 /* tab.button.png in Resources */ = {isa = PBXBuildFile; fileRef = 1AF99C3A13F04E7A008DF7D0 /* tab.button.png */; };
		1AF99C3F13F04E7A008DF7D0 /* tab.history.png in Resources */ = {isa = PBXBuildFile; fileRef = 1AF99C3B13F04E7A008DF7D0 /* tab.history.png */; };
		1AF99C4013F04E7A008DF7D0 /* tab.today.png in Resources */ = {isa = PBXBuildFile; fileRef = 1AF99C3C13F04E7A008DF7D0 /* tab.today.png */; };
		1AF99C4413F05024008DF7D0 /* filter.png in Resources */ = {isa = PBXBuildFile; fileRef = 1AF99C4213F05024008DF7D0 /* filter.png */; };
		1AF99C4513F05024008DF7D0 /* filter@2x.png in Resources */ = {isa = PBXBuildFile; fileRef = 1AF99C4313F05024008DF7D0 /* filter@2x.png */; };
		1AF99C4A13F05093008DF7D0 /* button.base.png in Resources */ = {isa = PBXBuildFile; fileRef = 1AF99C4613F05093008DF7D0 /* button.base.png */; };
		1AF99C4B13F05093008DF7D0 /* button.base@2x.png in Resources */ = {isa = PBXBuildFile; fileRef = 1AF99C4713F05093008DF7D0 /* button.base@2x.png */; };
		1AF99C4C13F05093008DF7D0 /* button.selected.png in Resources */ = {isa = PBXBuildFile; fileRef = 1AF99C4813F05093008DF7D0 /* button.selected.png */; };
		1AF99C4D13F05093008DF7D0 /* button.selected@2x.png in Resources */ = {isa = PBXBuildFile; fileRef = 1AF99C4913F05093008DF7D0 /* button.selected@2x.png */; };
		1AF99C4F13F051E5008DF7D0 /* settings.png in Resources */ = {isa = PBXBuildFile; fileRef = 1AF99C4E13F051E5008DF7D0 /* settings.png */; };
		1AF99C5113F0528A008DF7D0 /* arrow.png in Resources */ = {isa = PBXBuildFile; fileRef = 1AF99C5013F0528A008DF7D0 /* arrow.png */; };
		1AF99C5413F0534A008DF7D0 /* frame.png in Resources */ = {isa = PBXBuildFile; fileRef = 1AF99C5213F0534A008DF7D0 /* frame.png */; };
		1AF99C5513F0534A008DF7D0 /* unknown.png in Resources */ = {isa = PBXBuildFile; fileRef = 1AF99C5313F0534A008DF7D0 /* unknown.png */; };
		1AF99C5913F0549B008DF7D0 /* thread@2x.png in Resources */ = {isa = PBXBuildFile; fileRef = 1AF99C5813F0549B008DF7D0 /* thread@2x.png */; };
		1AF99C5C13F056C0008DF7D0 /* launch.png in Resources */ = {isa = PBXBuildFile; fileRef = 1AF99C5A13F056C0008DF7D0 /* launch.png */; };
		1AF99C5D13F056C0008DF7D0 /* launch@2x.png in Resources */ = {isa = PBXBuildFile; fileRef = 1AF99C5B13F056C0008DF7D0 /* launch@2x.png */; };
		1AF99C6013F057A5008DF7D0 /* footer@2x.png in Resources */ = {isa = PBXBuildFile; fileRef = 1AF99C5E13F057A5008DF7D0 /* footer@2x.png */; };
		1AF99C6113F057A5008DF7D0 /* header@2x.png in Resources */ = {isa = PBXBuildFile; fileRef = 1AF99C5F13F057A5008DF7D0 /* header@2x.png */; };
/* End PBXBuildFile section */

/* Begin PBXFileReference section */
		1A05809913752FBD00933267 /* CategoryViewController.h */ = {isa = PBXFileReference; fileEncoding = 4; lastKnownFileType = sourcecode.c.h; path = CategoryViewController.h; sourceTree = "<group>"; };
		1A05809A13752FBD00933267 /* CategoryViewController.m */ = {isa = PBXFileReference; fileEncoding = 4; lastKnownFileType = sourcecode.c.objc; path = CategoryViewController.m; sourceTree = "<group>"; };
		1A1DEACB13560D4200505A56 /* dbtemplate.sqlite */ = {isa = PBXFileReference; lastKnownFileType = file; path = dbtemplate.sqlite; sourceTree = "<group>"; };
		1A1DEACE13560F3800505A56 /* Database.m */ = {isa = PBXFileReference; fileEncoding = 4; lastKnownFileType = sourcecode.c.objc; path = Database.m; sourceTree = "<group>"; };
		1A1DEACF13560F3800505A56 /* Database.h */ = {isa = PBXFileReference; fileEncoding = 4; lastKnownFileType = sourcecode.c.h; path = Database.h; sourceTree = "<group>"; };
		1A1DEAD21356133200505A56 /* libsqlite3.0.dylib */ = {isa = PBXFileReference; lastKnownFileType = "compiled.mach-o.dylib"; name = libsqlite3.0.dylib; path = usr/lib/libsqlite3.0.dylib; sourceTree = SDKROOT; };
		1A1DEAD41356135D00505A56 /* libstdc++.dylib */ = {isa = PBXFileReference; lastKnownFileType = "compiled.mach-o.dylib"; name = "libstdc++.dylib"; path = "usr/lib/gcc/arm-apple-darwin10/4.0.1/libstdc++.dylib"; sourceTree = SDKROOT; };
		1A1DEADC1357662200505A56 /* CategoryManager.h */ = {isa = PBXFileReference; fileEncoding = 4; lastKnownFileType = sourcecode.c.h; path = CategoryManager.h; sourceTree = "<group>"; };
		1A1DEADD1357662200505A56 /* CategoryManager.m */ = {isa = PBXFileReference; fileEncoding = 4; lastKnownFileType = sourcecode.c.objc; path = CategoryManager.m; sourceTree = "<group>"; };
		1A3BB34113DC5470008E4FF4 /* accesories_s.png */ = {isa = PBXFileReference; lastKnownFileType = image.png; name = accesories_s.png; path = cats/accesories_s.png; sourceTree = "<group>"; };
		1A3BB34213DC5470008E4FF4 /* appliance_s.png */ = {isa = PBXFileReference; lastKnownFileType = image.png; name = appliance_s.png; path = cats/appliance_s.png; sourceTree = "<group>"; };
		1A3BB34313DC5470008E4FF4 /* automobile_s.png */ = {isa = PBXFileReference; lastKnownFileType = image.png; name = automobile_s.png; path = cats/automobile_s.png; sourceTree = "<group>"; };
		1A3BB34413DC5470008E4FF4 /* beauty_s.png */ = {isa = PBXFileReference; lastKnownFileType = image.png; name = beauty_s.png; path = cats/beauty_s.png; sourceTree = "<group>"; };
		1A3BB34513DC5471008E4FF4 /* beverage_s.png */ = {isa = PBXFileReference; lastKnownFileType = image.png; name = beverage_s.png; path = cats/beverage_s.png; sourceTree = "<group>"; };
		1A3BB34613DC5471008E4FF4 /* clothes_s.png */ = {isa = PBXFileReference; lastKnownFileType = image.png; name = clothes_s.png; path = cats/clothes_s.png; sourceTree = "<group>"; };
		1A3BB34713DC5471008E4FF4 /* dining_s.png */ = {isa = PBXFileReference; lastKnownFileType = image.png; name = dining_s.png; path = cats/dining_s.png; sourceTree = "<group>"; };
		1A3BB34813DC5471008E4FF4 /* drink_s.png */ = {isa = PBXFileReference; lastKnownFileType = image.png; name = drink_s.png; path = cats/drink_s.png; sourceTree = "<group>"; };
		1A3BB34913DC5471008E4FF4 /* health_s.png */ = {isa = PBXFileReference; lastKnownFileType = image.png; name = health_s.png; path = cats/health_s.png; sourceTree = "<group>"; };
		1A3BB34A13DC5471008E4FF4 /* hobby_s.png */ = {isa = PBXFileReference; lastKnownFileType = image.png; name = hobby_s.png; path = cats/hobby_s.png; sourceTree = "<group>"; };
		1A3BB34B13DC5471008E4FF4 /* learning_s.png */ = {isa = PBXFileReference; lastKnownFileType = image.png; name = learning_s.png; path = cats/learning_s.png; sourceTree = "<group>"; };
		1A3BB34C13DC5471008E4FF4 /* lesure_s.png */ = {isa = PBXFileReference; lastKnownFileType = image.png; name = lesure_s.png; path = cats/lesure_s.png; sourceTree = "<group>"; };
		1A3BB34D13DC5471008E4FF4 /* living_s.png */ = {isa = PBXFileReference; lastKnownFileType = image.png; name = living_s.png; path = cats/living_s.png; sourceTree = "<group>"; };
		1A3BB34E13DC5471008E4FF4 /* misc_s.png */ = {isa = PBXFileReference; lastKnownFileType = image.png; name = misc_s.png; path = cats/misc_s.png; sourceTree = "<group>"; };
		1A3BB34F13DC5471008E4FF4 /* network_s.png */ = {isa = PBXFileReference; lastKnownFileType = image.png; name = network_s.png; path = cats/network_s.png; sourceTree = "<group>"; };
		1A3BB35013DC5471008E4FF4 /* pet_s.png */ = {isa = PBXFileReference; lastKnownFileType = image.png; name = pet_s.png; path = cats/pet_s.png; sourceTree = "<group>"; };
		1A3BB35113DC5471008E4FF4 /* reading_s.png */ = {isa = PBXFileReference; lastKnownFileType = image.png; name = reading_s.png; path = cats/reading_s.png; sourceTree = "<group>"; };
		1A3BB35213DC5471008E4FF4 /* shoes_s.png */ = {isa = PBXFileReference; lastKnownFileType = image.png; name = shoes_s.png; path = cats/shoes_s.png; sourceTree = "<group>"; };
		1A3BB35313DC5471008E4FF4 /* snack_s.png */ = {isa = PBXFileReference; lastKnownFileType = image.png; name = snack_s.png; path = cats/snack_s.png; sourceTree = "<group>"; };
		1A3BB35413DC5471008E4FF4 /* taxi_s.png */ = {isa = PBXFileReference; lastKnownFileType = image.png; name = taxi_s.png; path = cats/taxi_s.png; sourceTree = "<group>"; };
		1A3BB35513DC5471008E4FF4 /* touring_s.png */ = {isa = PBXFileReference; lastKnownFileType = image.png; name = touring_s.png; path = cats/touring_s.png; sourceTree = "<group>"; };
		1A3BB35613DC5471008E4FF4 /* transportation_s.png */ = {isa = PBXFileReference; lastKnownFileType = image.png; name = transportation_s.png; path = cats/transportation_s.png; sourceTree = "<group>"; };
		1A3BB35713DC5471008E4FF4 /* workout_s.png */ = {isa = PBXFileReference; lastKnownFileType = image.png; name = workout_s.png; path = cats/workout_s.png; sourceTree = "<group>"; };
		1A40E91113C2B97400A60279 /* Utility.m */ = {isa = PBXFileReference; fileEncoding = 4; lastKnownFileType = sourcecode.c.objc; path = Utility.m; sourceTree = "<group>"; };
		1A40E91213C2B97400A60279 /* Utility.h */ = {isa = PBXFileReference; fileEncoding = 4; lastKnownFileType = sourcecode.c.h; path = Utility.h; sourceTree = "<group>"; };
		1A459D731387999A00036EC2 /* RootViewController.h */ = {isa = PBXFileReference; fileEncoding = 4; lastKnownFileType = sourcecode.c.h; path = RootViewController.h; sourceTree = "<group>"; };
		1A459D741387999A00036EC2 /* RootViewController.m */ = {isa = PBXFileReference; fileEncoding = 4; lastKnownFileType = sourcecode.c.objc; path = RootViewController.m; sourceTree = "<group>"; };
		1A459D7B138799B800036EC2 /* boxtop.png */ = {isa = PBXFileReference; lastKnownFileType = image.png; name = boxtop.png; path = arts/boxtop.png; sourceTree = "<group>"; };
		1A459D7D138799B800036EC2 /* footer.png */ = {isa = PBXFileReference; lastKnownFileType = image.png; name = footer.png; path = arts/footer.png; sourceTree = "<group>"; };
		1A459D7E138799B800036EC2 /* greenpaper.png */ = {isa = PBXFileReference; lastKnownFileType = image.png; name = greenpaper.png; path = arts/greenpaper.png; sourceTree = "<group>"; };
		1A459D7F138799B800036EC2 /* header.png */ = {isa = PBXFileReference; lastKnownFileType = image.png; name = header.png; path = arts/header.png; sourceTree = "<group>"; };
		1A459D81138799B800036EC2 /* hline.png */ = {isa = PBXFileReference; lastKnownFileType = image.png; name = hline.png; path = arts/hline.png; sourceTree = "<group>"; };
		1A459D84138799B800036EC2 /* stamp.png */ = {isa = PBXFileReference; lastKnownFileType = image.png; name = stamp.png; path = arts/stamp.png; sourceTree = "<group>"; };
		1A459D85138799B800036EC2 /* thread.png */ = {isa = PBXFileReference; lastKnownFileType = image.png; name = thread.png; path = arts/thread.png; sourceTree = "<group>"; };
		1A459D87138799B800036EC2 /* whitepaper.png */ = {isa = PBXFileReference; lastKnownFileType = image.png; name = whitepaper.png; path = arts/whitepaper.png; sourceTree = "<group>"; };
		1A459D9F1387D06C00036EC2 /* keyboardbg.png */ = {isa = PBXFileReference; lastKnownFileType = image.png; name = keyboardbg.png; path = arts/keyboardbg.png; sourceTree = "<group>"; };
		1A6B5E0A13F2BD09007BC798 /* calc.button.down.png */ = {isa = PBXFileReference; lastKnownFileType = image.png; name = calc.button.down.png; path = arts/calc.button.down.png; sourceTree = "<group>"; };
		1A6B5E0B13F2BD09007BC798 /* calc.button.down@2x.png */ = {isa = PBXFileReference; lastKnownFileType = image.png; name = "calc.button.down@2x.png"; path = "arts/calc.button.down@2x.png"; sourceTree = "<group>"; };
		1A6B5E0C13F2BD09007BC798 /* calc.button.green.down.png */ = {isa = PBXFileReference; lastKnownFileType = image.png; name = calc.button.green.down.png; path = arts/calc.button.green.down.png; sourceTree = "<group>"; };
		1A6B5E0D13F2BD09007BC798 /* calc.button.green.down@2x.png */ = {isa = PBXFileReference; lastKnownFileType = image.png; name = "calc.button.green.down@2x.png"; path = "arts/calc.button.green.down@2x.png"; sourceTree = "<group>"; };
		1A6B5E0E13F2BD09007BC798 /* calc.button.png */ = {isa = PBXFileReference; lastKnownFileType = image.png; name = calc.button.png; path = arts/calc.button.png; sourceTree = "<group>"; };
		1A6B5E0F13F2BD09007BC798 /* calc.button@2x.png */ = {isa = PBXFileReference; lastKnownFileType = image.png; name = "calc.button@2x.png"; path = "arts/calc.button@2x.png"; sourceTree = "<group>"; };
		1A6B5E1013F2BD09007BC798 /* calc.dot.png */ = {isa = PBXFileReference; lastKnownFileType = image.png; name = calc.dot.png; path = arts/calc.dot.png; sourceTree = "<group>"; };
		1A6B5E1113F2BD09007BC798 /* calc.dot@2x.png */ = {isa = PBXFileReference; lastKnownFileType = image.png; name = "calc.dot@2x.png"; path = "arts/calc.dot@2x.png"; sourceTree = "<group>"; };
		1A6B5E4413F2C47C007BC798 /* MainWindow.xib */ = {isa = PBXFileReference; lastKnownFileType = file.xib; path = MainWindow.xib; sourceTree = "<group>"; };
		1A6B5E4613F2C48E007BC798 /* FirstView.xib */ = {isa = PBXFileReference; lastKnownFileType = file.xib; path = FirstView.xib; sourceTree = "<group>"; };
		1A6B5E4813F2C495007BC798 /* SecondView.xib */ = {isa = PBXFileReference; lastKnownFileType = file.xib; path = SecondView.xib; sourceTree = "<group>"; };
		1A6B5E4A13F2C49D007BC798 /* MiddleView.xib */ = {isa = PBXFileReference; lastKnownFileType = file.xib; path = MiddleView.xib; sourceTree = "<group>"; };
		1A6B5E4C13F2C4A6007BC798 /* BudgetView.xib */ = {isa = PBXFileReference; lastKnownFileType = file.xib; path = BudgetView.xib; sourceTree = "<group>"; };
		1A6B5E4E13F2C4B0007BC798 /* SettingView.xib */ = {isa = PBXFileReference; lastKnownFileType = file.xib; path = SettingView.xib; sourceTree = "<group>"; };
		1A6B5E5013F2C4B7007BC798 /* ExpenseCell.xib */ = {isa = PBXFileReference; lastKnownFileType = file.xib; path = ExpenseCell.xib; sourceTree = "<group>"; };
		1A6B5E5213F2C4C2007BC798 /* AboutViewController.xib */ = {isa = PBXFileReference; lastKnownFileType = file.xib; path = AboutViewController.xib; sourceTree = "<group>"; };
		1A6B5E5413F2EA75007BC798 /* ExpenseCellWithDate.xib */ = {isa = PBXFileReference; fileEncoding = 4; lastKnownFileType = file.xib; path = ExpenseCellWithDate.xib; sourceTree = "<group>"; };
		1A6B5E5613F2EBCB007BC798 /* CellHeader.xib */ = {isa = PBXFileReference; fileEncoding = 4; lastKnownFileType = file.xib; path = CellHeader.xib; sourceTree = "<group>"; };
		1A6B5E5813F2EBFF007BC798 /* CellFooter.xib */ = {isa = PBXFileReference; fileEncoding = 4; lastKnownFileType = file.xib; path = CellFooter.xib; sourceTree = "<group>"; };
		1A9430B013F418870040D62B /* MonthPickerController.h */ = {isa = PBXFileReference; fileEncoding = 4; lastKnownFileType = sourcecode.c.h; path = MonthPickerController.h; sourceTree = "<group>"; };
		1A9430B113F418870040D62B /* MonthPickerController.m */ = {isa = PBXFileReference; fileEncoding = 4; lastKnownFileType = sourcecode.c.objc; path = MonthPickerController.m; sourceTree = "<group>"; };
		1A9430B213F418870040D62B /* MonthPickerController.xib */ = {isa = PBXFileReference; fileEncoding = 4; lastKnownFileType = file.xib; path = MonthPickerController.xib; sourceTree = "<group>"; };
		1AA03952135A8D3400245B2C /* ExpenseManager.h */ = {isa = PBXFileReference; fileEncoding = 4; lastKnownFileType = sourcecode.c.h; path = ExpenseManager.h; sourceTree = "<group>"; };
		1AA03953135A8D3400245B2C /* ExpenseManager.m */ = {isa = PBXFileReference; fileEncoding = 4; lastKnownFileType = sourcecode.c.objc; path = ExpenseManager.m; sourceTree = "<group>"; };
		1AA3055613CC8ECD0032296C /* accesories_h.png */ = {isa = PBXFileReference; lastKnownFileType = image.png; name = accesories_h.png; path = cats/accesories_h.png; sourceTree = "<group>"; };
		1AA3055713CC8ECD0032296C /* accesories.png */ = {isa = PBXFileReference; lastKnownFileType = image.png; name = accesories.png; path = cats/accesories.png; sourceTree = "<group>"; };
		1AA3055813CC8ECD0032296C /* appliance_h.png */ = {isa = PBXFileReference; lastKnownFileType = image.png; name = appliance_h.png; path = cats/appliance_h.png; sourceTree = "<group>"; };
		1AA3055913CC8ECD0032296C /* appliance.png */ = {isa = PBXFileReference; lastKnownFileType = image.png; name = appliance.png; path = cats/appliance.png; sourceTree = "<group>"; };
		1AA3055A13CC8ECD0032296C /* automobile_h.png */ = {isa = PBXFileReference; lastKnownFileType = image.png; name = automobile_h.png; path = cats/automobile_h.png; sourceTree = "<group>"; };
		1AA3055B13CC8ECD0032296C /* automobile.png */ = {isa = PBXFileReference; lastKnownFileType = image.png; name = automobile.png; path = cats/automobile.png; sourceTree = "<group>"; };
		1AA3055C13CC8ECD0032296C /* beauty_h.png */ = {isa = PBXFileReference; lastKnownFileType = image.png; name = beauty_h.png; path = cats/beauty_h.png; sourceTree = "<group>"; };
		1AA3055D13CC8ECD0032296C /* beauty.png */ = {isa = PBXFileReference; lastKnownFileType = image.png; name = beauty.png; path = cats/beauty.png; sourceTree = "<group>"; };
		1AA3055E13CC8ECD0032296C /* beverage_h.png */ = {isa = PBXFileReference; lastKnownFileType = image.png; name = beverage_h.png; path = cats/beverage_h.png; sourceTree = "<group>"; };
		1AA3055F13CC8ECD0032296C /* beverage.png */ = {isa = PBXFileReference; lastKnownFileType = image.png; name = beverage.png; path = cats/beverage.png; sourceTree = "<group>"; };
		1AA3056013CC8ECD0032296C /* clothes_h.png */ = {isa = PBXFileReference; lastKnownFileType = image.png; name = clothes_h.png; path = cats/clothes_h.png; sourceTree = "<group>"; };
		1AA3056113CC8ECD0032296C /* clothes.png */ = {isa = PBXFileReference; lastKnownFileType = image.png; name = clothes.png; path = cats/clothes.png; sourceTree = "<group>"; };
		1AA3056213CC8ECD0032296C /* dining_h.png */ = {isa = PBXFileReference; lastKnownFileType = image.png; name = dining_h.png; path = cats/dining_h.png; sourceTree = "<group>"; };
		1AA3056313CC8ECD0032296C /* dining.png */ = {isa = PBXFileReference; lastKnownFileType = image.png; name = dining.png; path = cats/dining.png; sourceTree = "<group>"; };
		1AA3056413CC8ECD0032296C /* drink_h.png */ = {isa = PBXFileReference; lastKnownFileType = image.png; name = drink_h.png; path = cats/drink_h.png; sourceTree = "<group>"; };
		1AA3056513CC8ECD0032296C /* drink.png */ = {isa = PBXFileReference; lastKnownFileType = image.png; name = drink.png; path = cats/drink.png; sourceTree = "<group>"; };
		1AA3056613CC8ECD0032296C /* health_h.png */ = {isa = PBXFileReference; lastKnownFileType = image.png; name = health_h.png; path = cats/health_h.png; sourceTree = "<group>"; };
		1AA3056713CC8ECD0032296C /* health.png */ = {isa = PBXFileReference; lastKnownFileType = image.png; name = health.png; path = cats/health.png; sourceTree = "<group>"; };
		1AA3056813CC8ECD0032296C /* hobby_h.png */ = {isa = PBXFileReference; lastKnownFileType = image.png; name = hobby_h.png; path = cats/hobby_h.png; sourceTree = "<group>"; };
		1AA3056913CC8ECD0032296C /* hobby.png */ = {isa = PBXFileReference; lastKnownFileType = image.png; name = hobby.png; path = cats/hobby.png; sourceTree = "<group>"; };
		1AA3056A13CC8ECD0032296C /* learning_h.png */ = {isa = PBXFileReference; lastKnownFileType = image.png; name = learning_h.png; path = cats/learning_h.png; sourceTree = "<group>"; };
		1AA3056B13CC8ECD0032296C /* learning.png */ = {isa = PBXFileReference; lastKnownFileType = image.png; name = learning.png; path = cats/learning.png; sourceTree = "<group>"; };
		1AA3056C13CC8ECD0032296C /* lesure_h.png */ = {isa = PBXFileReference; lastKnownFileType = image.png; name = lesure_h.png; path = cats/lesure_h.png; sourceTree = "<group>"; };
		1AA3056D13CC8ECD0032296C /* lesure.png */ = {isa = PBXFileReference; lastKnownFileType = image.png; name = lesure.png; path = cats/lesure.png; sourceTree = "<group>"; };
		1AA3056E13CC8ECD0032296C /* living_h.png */ = {isa = PBXFileReference; lastKnownFileType = image.png; name = living_h.png; path = cats/living_h.png; sourceTree = "<group>"; };
		1AA3056F13CC8ECD0032296C /* living.png */ = {isa = PBXFileReference; lastKnownFileType = image.png; name = living.png; path = cats/living.png; sourceTree = "<group>"; };
		1AA3057213CC8ECD0032296C /* network_h.png */ = {isa = PBXFileReference; lastKnownFileType = image.png; name = network_h.png; path = cats/network_h.png; sourceTree = "<group>"; };
		1AA3057313CC8ECD0032296C /* network.png */ = {isa = PBXFileReference; lastKnownFileType = image.png; name = network.png; path = cats/network.png; sourceTree = "<group>"; };
		1AA3057413CC8ECD0032296C /* pet_h.png */ = {isa = PBXFileReference; lastKnownFileType = image.png; name = pet_h.png; path = cats/pet_h.png; sourceTree = "<group>"; };
		1AA3057513CC8ECD0032296C /* pet.png */ = {isa = PBXFileReference; lastKnownFileType = image.png; name = pet.png; path = cats/pet.png; sourceTree = "<group>"; };
		1AA3057613CC8ECD0032296C /* reading_h.png */ = {isa = PBXFileReference; lastKnownFileType = image.png; name = reading_h.png; path = cats/reading_h.png; sourceTree = "<group>"; };
		1AA3057713CC8ECD0032296C /* reading.png */ = {isa = PBXFileReference; lastKnownFileType = image.png; name = reading.png; path = cats/reading.png; sourceTree = "<group>"; };
		1AA3057813CC8ECD0032296C /* shoes_h.png */ = {isa = PBXFileReference; lastKnownFileType = image.png; name = shoes_h.png; path = cats/shoes_h.png; sourceTree = "<group>"; };
		1AA3057913CC8ECD0032296C /* shoes.png */ = {isa = PBXFileReference; lastKnownFileType = image.png; name = shoes.png; path = cats/shoes.png; sourceTree = "<group>"; };
		1AA3057A13CC8ECD0032296C /* snack_h.png */ = {isa = PBXFileReference; lastKnownFileType = image.png; name = snack_h.png; path = cats/snack_h.png; sourceTree = "<group>"; };
		1AA3057B13CC8ECD0032296C /* snack.png */ = {isa = PBXFileReference; lastKnownFileType = image.png; name = snack.png; path = cats/snack.png; sourceTree = "<group>"; };
		1AA3057C13CC8ECD0032296C /* taxi_h.png */ = {isa = PBXFileReference; lastKnownFileType = image.png; name = taxi_h.png; path = cats/taxi_h.png; sourceTree = "<group>"; };
		1AA3057D13CC8ECD0032296C /* taxi.png */ = {isa = PBXFileReference; lastKnownFileType = image.png; name = taxi.png; path = cats/taxi.png; sourceTree = "<group>"; };
		1AA3057E13CC8ECD0032296C /* touring_h.png */ = {isa = PBXFileReference; lastKnownFileType = image.png; name = touring_h.png; path = cats/touring_h.png; sourceTree = "<group>"; };
		1AA3057F13CC8ECD0032296C /* touring.png */ = {isa = PBXFileReference; lastKnownFileType = image.png; name = touring.png; path = cats/touring.png; sourceTree = "<group>"; };
		1AA3058013CC8ECD0032296C /* transportation_h.png */ = {isa = PBXFileReference; lastKnownFileType = image.png; name = transportation_h.png; path = cats/transportation_h.png; sourceTree = "<group>"; };
		1AA3058113CC8ECD0032296C /* transportation.png */ = {isa = PBXFileReference; lastKnownFileType = image.png; name = transportation.png; path = cats/transportation.png; sourceTree = "<group>"; };
		1AA3058213CC8ECD0032296C /* workout_h.png */ = {isa = PBXFileReference; lastKnownFileType = image.png; name = workout_h.png; path = cats/workout_h.png; sourceTree = "<group>"; };
		1AA3058313CC8ECD0032296C /* workout.png */ = {isa = PBXFileReference; lastKnownFileType = image.png; name = workout.png; path = cats/workout.png; sourceTree = "<group>"; };
		1AA305B213CCAD5E0032296C /* misc_h.png */ = {isa = PBXFileReference; lastKnownFileType = image.png; name = misc_h.png; path = cats/misc_h.png; sourceTree = "<group>"; };
		1AA305B313CCAD5E0032296C /* misc.png */ = {isa = PBXFileReference; lastKnownFileType = image.png; name = misc.png; path = cats/misc.png; sourceTree = "<group>"; };
		1AA6C1F513D2AB1E002CE001 /* Statistics.h */ = {isa = PBXFileReference; fileEncoding = 4; lastKnownFileType = sourcecode.c.h; path = Statistics.h; sourceTree = "<group>"; };
		1AA6C1F613D2AB1E002CE001 /* Statistics.m */ = {isa = PBXFileReference; fileEncoding = 4; lastKnownFileType = sourcecode.c.objc; path = Statistics.m; sourceTree = "<group>"; };
		1AA75C0B13F1542E00D8016E /* sticker.png */ = {isa = PBXFileReference; lastKnownFileType = image.png; name = sticker.png; path = arts/sticker.png; sourceTree = "<group>"; };
		1AA75C0F13F154B200D8016E /* tab.down.png */ = {isa = PBXFileReference; lastKnownFileType = image.png; name = tab.down.png; path = arts/tab.down.png; sourceTree = "<group>"; };
		1AA75C1013F154B200D8016E /* tab.down@2x.png */ = {isa = PBXFileReference; lastKnownFileType = image.png; name = "tab.down@2x.png"; path = "arts/tab.down@2x.png"; sourceTree = "<group>"; };
		1AA75C1313F1564400D8016E /* button.small.base.png */ = {isa = PBXFileReference; lastKnownFileType = image.png; name = button.small.base.png; path = arts/button.small.base.png; sourceTree = "<group>"; };
		1AA75C1413F1564400D8016E /* button.small.base@2x.png */ = {isa = PBXFileReference; lastKnownFileType = image.png; name = "button.small.base@2x.png"; path = "arts/button.small.base@2x.png"; sourceTree = "<group>"; };
		1AA75C1513F1564400D8016E /* button.small.selected.png */ = {isa = PBXFileReference; lastKnownFileType = image.png; name = button.small.selected.png; path = arts/button.small.selected.png; sourceTree = "<group>"; };
		1AA75C1613F1564400D8016E /* button.small.selected@2x.png */ = {isa = PBXFileReference; lastKnownFileType = image.png; name = "button.small.selected@2x.png"; path = "arts/button.small.selected@2x.png"; sourceTree = "<group>"; };
		1AA75C1B13F15C4C00D8016E /* dotline.png */ = {isa = PBXFileReference; lastKnownFileType = image.png; name = dotline.png; path = arts/dotline.png; sourceTree = "<group>"; };
		1AA75C1D13F16E9E00D8016E /* calc.button.green.png */ = {isa = PBXFileReference; lastKnownFileType = image.png; name = calc.button.green.png; path = arts/calc.button.green.png; sourceTree = "<group>"; };
		1AA75C1E13F16E9E00D8016E /* calc.button.green@2x.png */ = {isa = PBXFileReference; lastKnownFileType = image.png; name = "calc.button.green@2x.png"; path = "arts/calc.button.green@2x.png"; sourceTree = "<group>"; };
		1AA75C1F13F16E9E00D8016E /* calc.delete.png */ = {isa = PBXFileReference; lastKnownFileType = image.png; name = calc.delete.png; path = arts/calc.delete.png; sourceTree = "<group>"; };
		1AA75C2013F16E9E00D8016E /* calc.delete@2x.png */ = {isa = PBXFileReference; lastKnownFileType = image.png; name = "calc.delete@2x.png"; path = "arts/calc.delete@2x.png"; sourceTree = "<group>"; };
		1AA75C2113F16E9E00D8016E /* calc.divide.png */ = {isa = PBXFileReference; lastKnownFileType = image.png; name = calc.divide.png; path = arts/calc.divide.png; sourceTree = "<group>"; };
		1AA75C2213F16E9E00D8016E /* calc.divide@2x.png */ = {isa = PBXFileReference; lastKnownFileType = image.png; name = "calc.divide@2x.png"; path = "arts/calc.divide@2x.png"; sourceTree = "<group>"; };
		1AA75C2313F16E9E00D8016E /* calc.minus.png */ = {isa = PBXFileReference; lastKnownFileType = image.png; name = calc.minus.png; path = arts/calc.minus.png; sourceTree = "<group>"; };
		1AA75C2413F16E9E00D8016E /* calc.minus@2x.png */ = {isa = PBXFileReference; lastKnownFileType = image.png; name = "calc.minus@2x.png"; path = "arts/calc.minus@2x.png"; sourceTree = "<group>"; };
		1AA75C2513F16E9E00D8016E /* calc.multiply.png */ = {isa = PBXFileReference; lastKnownFileType = image.png; name = calc.multiply.png; path = arts/calc.multiply.png; sourceTree = "<group>"; };
		1AA75C2613F16E9E00D8016E /* calc.multiply@2x.png */ = {isa = PBXFileReference; lastKnownFileType = image.png; name = "calc.multiply@2x.png"; path = "arts/calc.multiply@2x.png"; sourceTree = "<group>"; };
		1AA75C2713F16E9E00D8016E /* calc.plus.png */ = {isa = PBXFileReference; lastKnownFileType = image.png; name = calc.plus.png; path = arts/calc.plus.png; sourceTree = "<group>"; };
		1AA75C2813F16E9E00D8016E /* calc.plus@2x.png */ = {isa = PBXFileReference; lastKnownFileType = image.png; name = "calc.plus@2x.png"; path = "arts/calc.plus@2x.png"; sourceTree = "<group>"; };
		1AA75C3913F1976A00D8016E /* camera.png */ = {isa = PBXFileReference; lastKnownFileType = image.png; name = camera.png; path = arts/camera.png; sourceTree = "<group>"; };
		1AA75C3A13F1976A00D8016E /* camera.selected.png */ = {isa = PBXFileReference; lastKnownFileType = image.png; name = camera.selected.png; path = arts/camera.selected.png; sourceTree = "<group>"; };
		1AA75C3B13F1976A00D8016E /* camera.selected@2x.png */ = {isa = PBXFileReference; lastKnownFileType = image.png; name = "camera.selected@2x.png"; path = "arts/camera.selected@2x.png"; sourceTree = "<group>"; };
		1AA75C3F13F198BE00D8016E /* photo.png */ = {isa = PBXFileReference; lastKnownFileType = image.png; name = photo.png; path = arts/photo.png; sourceTree = "<group>"; };
		1AA75C4013F198BE00D8016E /* settings.about.png */ = {isa = PBXFileReference; lastKnownFileType = image.png; name = settings.about.png; path = arts/settings.about.png; sourceTree = "<group>"; };
		1AA75C4113F198BE00D8016E /* settings.budget.png */ = {isa = PBXFileReference; lastKnownFileType = image.png; name = settings.budget.png; path = arts/settings.budget.png; sourceTree = "<group>"; };
		1AA75C4213F198BE00D8016E /* settings.startup.png */ = {isa = PBXFileReference; lastKnownFileType = image.png; name = settings.startup.png; path = arts/settings.startup.png; sourceTree = "<group>"; };
		1AA75CE013F19D7800D8016E /* switch.amount.png */ = {isa = PBXFileReference; lastKnownFileType = image.png; name = switch.amount.png; path = arts/switch.amount.png; sourceTree = "<group>"; };
		1AA75CE113F19D7800D8016E /* switch.amount@2x.png */ = {isa = PBXFileReference; lastKnownFileType = image.png; name = "switch.amount@2x.png"; path = "arts/switch.amount@2x.png"; sourceTree = "<group>"; };
		1AA75CE213F19D7800D8016E /* switch.category.png */ = {isa = PBXFileReference; lastKnownFileType = image.png; name = switch.category.png; path = arts/switch.category.png; sourceTree = "<group>"; };
		1AA75CE313F19D7800D8016E /* switch.category@2x.png */ = {isa = PBXFileReference; lastKnownFileType = image.png; name = "switch.category@2x.png"; path = "arts/switch.category@2x.png"; sourceTree = "<group>"; };
		1AAD138D132BB1B00035BA92 /* woojuu.app */ = {isa = PBXFileReference; explicitFileType = wrapper.application; includeInIndex = 0; path = woojuu.app; sourceTree = BUILT_PRODUCTS_DIR; };
		1AAD1391132BB1B00035BA92 /* UIKit.framework */ = {isa = PBXFileReference; lastKnownFileType = wrapper.framework; name = UIKit.framework; path = System/Library/Frameworks/UIKit.framework; sourceTree = SDKROOT; };
		1AAD1393132BB1B00035BA92 /* Foundation.framework */ = {isa = PBXFileReference; lastKnownFileType = wrapper.framework; name = Foundation.framework; path = System/Library/Frameworks/Foundation.framework; sourceTree = SDKROOT; };
		1AAD1395132BB1B00035BA92 /* CoreGraphics.framework */ = {isa = PBXFileReference; lastKnownFileType = wrapper.framework; name = CoreGraphics.framework; path = System/Library/Frameworks/CoreGraphics.framework; sourceTree = SDKROOT; };
		1AAD1399132BB1B00035BA92 /* woojuu-Info.plist */ = {isa = PBXFileReference; lastKnownFileType = text.plist.xml; path = "woojuu-Info.plist"; sourceTree = "<group>"; };
		1AAD139B132BB1B00035BA92 /* en */ = {isa = PBXFileReference; lastKnownFileType = text.plist.strings; name = en; path = en.lproj/InfoPlist.strings; sourceTree = "<group>"; };
		1AAD139D132BB1B00035BA92 /* woojuu-Prefix.pch */ = {isa = PBXFileReference; lastKnownFileType = sourcecode.c.h; path = "woojuu-Prefix.pch"; sourceTree = "<group>"; };
		1AAD139E132BB1B00035BA92 /* main.m */ = {isa = PBXFileReference; lastKnownFileType = sourcecode.c.objc; path = main.m; sourceTree = "<group>"; };
		1AAD13A0132BB1B00035BA92 /* helloAppDelegate.h */ = {isa = PBXFileReference; lastKnownFileType = sourcecode.c.h; path = helloAppDelegate.h; sourceTree = "<group>"; };
		1AAD13A1132BB1B00035BA92 /* helloAppDelegate.mm */ = {isa = PBXFileReference; lastKnownFileType = sourcecode.cpp.objcpp; path = helloAppDelegate.mm; sourceTree = "<group>"; };
		1AAD13A6132BB1B00035BA92 /* FirstViewController.h */ = {isa = PBXFileReference; lastKnownFileType = sourcecode.c.h; path = FirstViewController.h; sourceTree = "<group>"; };
		1AAD13A7132BB1B00035BA92 /* FirstViewController.m */ = {isa = PBXFileReference; lastKnownFileType = sourcecode.c.objc; path = FirstViewController.m; sourceTree = "<group>"; };
		1AAD13A9132BB1B00035BA92 /* SecondViewController.h */ = {isa = PBXFileReference; lastKnownFileType = sourcecode.c.h; path = SecondViewController.h; sourceTree = "<group>"; };
		1AAD13AA132BB1B00035BA92 /* SecondViewController.m */ = {isa = PBXFileReference; lastKnownFileType = sourcecode.c.objc; path = SecondViewController.m; sourceTree = "<group>"; };
		1AAD13B7132BB5770035BA92 /* MiddleViewController.h */ = {isa = PBXFileReference; fileEncoding = 4; lastKnownFileType = sourcecode.c.h; path = MiddleViewController.h; sourceTree = "<group>"; };
		1AAD13B8132BB5770035BA92 /* MiddleViewController.m */ = {isa = PBXFileReference; fileEncoding = 4; lastKnownFileType = sourcecode.c.objc; path = MiddleViewController.m; sourceTree = "<group>"; };
		1AAD13D9133345A90035BA92 /* BudgetView.m */ = {isa = PBXFileReference; fileEncoding = 4; lastKnownFileType = sourcecode.c.objc; path = BudgetView.m; sourceTree = "<group>"; };
		1AAD13E513335A160035BA92 /* SettingView.h */ = {isa = PBXFileReference; fileEncoding = 4; lastKnownFileType = sourcecode.c.h; path = SettingView.h; sourceTree = "<group>"; };
		1AAD13E613335A170035BA92 /* SettingView.m */ = {isa = PBXFileReference; fileEncoding = 4; lastKnownFileType = sourcecode.c.objc; path = SettingView.m; sourceTree = "<group>"; };
		1AB681F613EADFCF00AF7265 /* arrow@2x.png */ = {isa = PBXFileReference; lastKnownFileType = image.png; name = "arrow@2x.png"; path = "arts/arrow@2x.png"; sourceTree = "<group>"; };
		1AB681FB13EAE05300AF7265 /* settings@2x.png */ = {isa = PBXFileReference; lastKnownFileType = image.png; name = "settings@2x.png"; path = "arts/settings@2x.png"; sourceTree = "<group>"; };
		1AB681FF13EAE26200AF7265 /* add.transaction@2x.png */ = {isa = PBXFileReference; lastKnownFileType = image.png; name = "add.transaction@2x.png"; path = "arts/add.transaction@2x.png"; sourceTree = "<group>"; };
		1AB6820013EAE26200AF7265 /* tab.history@2x.png */ = {isa = PBXFileReference; lastKnownFileType = image.png; name = "tab.history@2x.png"; path = "arts/tab.history@2x.png"; sourceTree = "<group>"; };
		1AB6820113EAE26200AF7265 /* tab.today@2x.png */ = {isa = PBXFileReference; lastKnownFileType = image.png; name = "tab.today@2x.png"; path = "arts/tab.today@2x.png"; sourceTree = "<group>"; };
		1AB6820513EAE2BA00AF7265 /* tab.button@2x.png */ = {isa = PBXFileReference; lastKnownFileType = image.png; name = "tab.button@2x.png"; path = "arts/tab.button@2x.png"; sourceTree = "<group>"; };
		1AB6820913EAF32200AF7265 /* sticker@2x.png */ = {isa = PBXFileReference; lastKnownFileType = image.png; name = "sticker@2x.png"; path = "arts/sticker@2x.png"; sourceTree = "<group>"; };
		1AB6820B13EAFAB900AF7265 /* unknown@2x.png */ = {isa = PBXFileReference; lastKnownFileType = image.png; name = "unknown@2x.png"; path = "arts/unknown@2x.png"; sourceTree = "<group>"; };
		1AB6820D13EAFAC100AF7265 /* frame@2x.png */ = {isa = PBXFileReference; lastKnownFileType = image.png; name = "frame@2x.png"; path = "arts/frame@2x.png"; sourceTree = "<group>"; };
		1AC167F413E8495400FB1044 /* photo@2x.png */ = {isa = PBXFileReference; lastKnownFileType = image.png; name = "photo@2x.png"; path = "arts/photo@2x.png"; sourceTree = "<group>"; };
		1AC1F12E13DEF96400A1C7AD /* camera@2x.png */ = {isa = PBXFileReference; lastKnownFileType = image.png; name = "camera@2x.png"; path = "arts/camera@2x.png"; sourceTree = "<group>"; };
		1AC20BF813D5C216004A4E32 /* keyboardbglite.png */ = {isa = PBXFileReference; lastKnownFileType = image.png; name = keyboardbglite.png; path = arts/keyboardbglite.png; sourceTree = "<group>"; };
		1AD88A1D13ED6C8800804635 /* settings.about@2x.png */ = {isa = PBXFileReference; lastKnownFileType = image.png; name = "settings.about@2x.png"; path = "arts/settings.about@2x.png"; sourceTree = "<group>"; };
		1AD88A1E13ED6C8800804635 /* settings.budget@2x.png */ = {isa = PBXFileReference; lastKnownFileType = image.png; name = "settings.budget@2x.png"; path = "arts/settings.budget@2x.png"; sourceTree = "<group>"; };
		1AD88A1F13ED6C8800804635 /* settings.startup@2x.png */ = {isa = PBXFileReference; lastKnownFileType = image.png; name = "settings.startup@2x.png"; path = "arts/settings.startup@2x.png"; sourceTree = "<group>"; };
		1AD88A6413ED88E300804635 /* BudgetView.h */ = {isa = PBXFileReference; fileEncoding = 4; lastKnownFileType = sourcecode.c.h; path = BudgetView.h; sourceTree = "<group>"; };
		1AD88A6513ED90C100804635 /* ExpenseHistoryViewController.h */ = {isa = PBXFileReference; fileEncoding = 4; lastKnownFileType = sourcecode.c.h; path = ExpenseHistoryViewController.h; sourceTree = "<group>"; };
		1AD88A6613ED90C200804635 /* ExpenseHistoryViewController.m */ = {isa = PBXFileReference; fileEncoding = 4; lastKnownFileType = sourcecode.c.objc; path = ExpenseHistoryViewController.m; sourceTree = "<group>"; };
		1AD88A6713ED90C200804635 /* ExpenseHistoryViewController.xib */ = {isa = PBXFileReference; fileEncoding = 4; lastKnownFileType = file.xib; path = ExpenseHistoryViewController.xib; sourceTree = "<group>"; };
		1AD88A6B13ED96D500804635 /* AboutViewController.h */ = {isa = PBXFileReference; fileEncoding = 4; lastKnownFileType = sourcecode.c.h; path = AboutViewController.h; sourceTree = "<group>"; };
		1AD88A6C13ED96D600804635 /* AboutViewController.m */ = {isa = PBXFileReference; fileEncoding = 4; lastKnownFileType = sourcecode.c.objc; path = AboutViewController.m; sourceTree = "<group>"; };
		1AE4339F1375AC82005AAB8F /* QuartzCore.framework */ = {isa = PBXFileReference; lastKnownFileType = wrapper.framework; name = QuartzCore.framework; path = System/Library/Frameworks/QuartzCore.framework; sourceTree = SDKROOT; };
		1AE433A213762B7A005AAB8F /* iconlist.plist */ = {isa = PBXFileReference; fileEncoding = 4; lastKnownFileType = text.plist.xml; path = iconlist.plist; sourceTree = "<group>"; };
		1AE433A413763513005AAB8F /* BudgetManager.h */ = {isa = PBXFileReference; fileEncoding = 4; lastKnownFileType = sourcecode.c.h; path = BudgetManager.h; sourceTree = "<group>"; };
		1AE433A513763513005AAB8F /* BudgetManager.m */ = {isa = PBXFileReference; fileEncoding = 4; lastKnownFileType = sourcecode.c.objc; path = BudgetManager.m; sourceTree = "<group>"; };
		1AE5C66E139A2C51008EC75A /* PlanManager.h */ = {isa = PBXFileReference; fileEncoding = 4; lastKnownFileType = sourcecode.c.h; path = PlanManager.h; sourceTree = "<group>"; };
		1AE5C66F139A2C51008EC75A /* PlanManager.m */ = {isa = PBXFileReference; fileEncoding = 4; lastKnownFileType = sourcecode.c.objc; path = PlanManager.m; sourceTree = "<group>"; };
		1AF6BD2013EC24C500D78022 /* woju.png */ = {isa = PBXFileReference; lastKnownFileType = image.png; name = woju.png; path = arts/woju.png; sourceTree = "<group>"; };
		1AF6BD2113EC24C500D78022 /* woju@2x.png */ = {isa = PBXFileReference; lastKnownFileType = image.png; name = "woju@2x.png"; path = "arts/woju@2x.png"; sourceTree = "<group>"; };
		1AF99C3913F04E7A008DF7D0 /* add.transaction.png */ = {isa = PBXFileReference; lastKnownFileType = image.png; name = add.transaction.png; path = arts/add.transaction.png; sourceTree = "<group>"; };
		1AF99C3A13F04E7A008DF7D0 /* tab.button.png */ = {isa = PBXFileReference; lastKnownFileType = image.png; name = tab.button.png; path = arts/tab.button.png; sourceTree = "<group>"; };
		1AF99C3B13F04E7A008DF7D0 /* tab.history.png */ = {isa = PBXFileReference; lastKnownFileType = image.png; name = tab.history.png; path = arts/tab.history.png; sourceTree = "<group>"; };
		1AF99C3C13F04E7A008DF7D0 /* tab.today.png */ = {isa = PBXFileReference; lastKnownFileType = image.png; name = tab.today.png; path = arts/tab.today.png; sourceTree = "<group>"; };
		1AF99C4213F05024008DF7D0 /* filter.png */ = {isa = PBXFileReference; lastKnownFileType = image.png; name = filter.png; path = arts/filter.png; sourceTree = "<group>"; };
		1AF99C4313F05024008DF7D0 /* filter@2x.png */ = {isa = PBXFileReference; lastKnownFileType = image.png; name = "filter@2x.png"; path = "arts/filter@2x.png"; sourceTree = "<group>"; };
		1AF99C4613F05093008DF7D0 /* button.base.png */ = {isa = PBXFileReference; lastKnownFileType = image.png; name = button.base.png; path = arts/button.base.png; sourceTree = "<group>"; };
		1AF99C4713F05093008DF7D0 /* button.base@2x.png */ = {isa = PBXFileReference; lastKnownFileType = image.png; name = "button.base@2x.png"; path = "arts/button.base@2x.png"; sourceTree = "<group>"; };
		1AF99C4813F05093008DF7D0 /* button.selected.png */ = {isa = PBXFileReference; lastKnownFileType = image.png; name = button.selected.png; path = arts/button.selected.png; sourceTree = "<group>"; };
		1AF99C4913F05093008DF7D0 /* button.selected@2x.png */ = {isa = PBXFileReference; lastKnownFileType = image.png; name = "button.selected@2x.png"; path = "arts/button.selected@2x.png"; sourceTree = "<group>"; };
		1AF99C4E13F051E5008DF7D0 /* settings.png */ = {isa = PBXFileReference; lastKnownFileType = image.png; name = settings.png; path = arts/settings.png; sourceTree = "<group>"; };
		1AF99C5013F0528A008DF7D0 /* arrow.png */ = {isa = PBXFileReference; lastKnownFileType = image.png; name = arrow.png; path = arts/arrow.png; sourceTree = "<group>"; };
		1AF99C5213F0534A008DF7D0 /* frame.png */ = {isa = PBXFileReference; lastKnownFileType = image.png; name = frame.png; path = arts/frame.png; sourceTree = "<group>"; };
		1AF99C5313F0534A008DF7D0 /* unknown.png */ = {isa = PBXFileReference; lastKnownFileType = image.png; name = unknown.png; path = arts/unknown.png; sourceTree = "<group>"; };
		1AF99C5813F0549B008DF7D0 /* thread@2x.png */ = {isa = PBXFileReference; lastKnownFileType = image.png; name = "thread@2x.png"; path = "arts/thread@2x.png"; sourceTree = "<group>"; };
		1AF99C5A13F056C0008DF7D0 /* launch.png */ = {isa = PBXFileReference; lastKnownFileType = image.png; name = launch.png; path = arts/launch.png; sourceTree = "<group>"; };
		1AF99C5B13F056C0008DF7D0 /* launch@2x.png */ = {isa = PBXFileReference; lastKnownFileType = image.png; name = "launch@2x.png"; path = "arts/launch@2x.png"; sourceTree = "<group>"; };
		1AF99C5E13F057A5008DF7D0 /* footer@2x.png */ = {isa = PBXFileReference; lastKnownFileType = image.png; name = "footer@2x.png"; path = "arts/footer@2x.png"; sourceTree = "<group>"; };
		1AF99C5F13F057A5008DF7D0 /* header@2x.png */ = {isa = PBXFileReference; lastKnownFileType = image.png; name = "header@2x.png"; path = "arts/header@2x.png"; sourceTree = "<group>"; };
/* End PBXFileReference section */

/* Begin PBXFrameworksBuildPhase section */
		1AAD138A132BB1B00035BA92 /* Frameworks */ = {
			isa = PBXFrameworksBuildPhase;
			buildActionMask = 2147483647;
			files = (
				1AE433A01375AC82005AAB8F /* QuartzCore.framework in Frameworks */,
				1A1DEAD51356135D00505A56 /* libstdc++.dylib in Frameworks */,
				1A1DEAD31356133200505A56 /* libsqlite3.0.dylib in Frameworks */,
				1AAD1392132BB1B00035BA92 /* UIKit.framework in Frameworks */,
				1AAD1394132BB1B00035BA92 /* Foundation.framework in Frameworks */,
				1AAD1396132BB1B00035BA92 /* CoreGraphics.framework in Frameworks */,
			);
			runOnlyForDeploymentPostprocessing = 0;
		};
/* End PBXFrameworksBuildPhase section */

/* Begin PBXGroup section */
		1A0580AA137546D700933267 /* Category Icons */ = {
			isa = PBXGroup;
			children = (
				1A3BB34113DC5470008E4FF4 /* accesories_s.png */,
				1A3BB34213DC5470008E4FF4 /* appliance_s.png */,
				1A3BB34313DC5470008E4FF4 /* automobile_s.png */,
				1A3BB34413DC5470008E4FF4 /* beauty_s.png */,
				1A3BB34513DC5471008E4FF4 /* beverage_s.png */,
				1A3BB34613DC5471008E4FF4 /* clothes_s.png */,
				1A3BB34713DC5471008E4FF4 /* dining_s.png */,
				1A3BB34813DC5471008E4FF4 /* drink_s.png */,
				1A3BB34913DC5471008E4FF4 /* health_s.png */,
				1A3BB34A13DC5471008E4FF4 /* hobby_s.png */,
				1A3BB34B13DC5471008E4FF4 /* learning_s.png */,
				1A3BB34C13DC5471008E4FF4 /* lesure_s.png */,
				1A3BB34D13DC5471008E4FF4 /* living_s.png */,
				1A3BB34E13DC5471008E4FF4 /* misc_s.png */,
				1A3BB34F13DC5471008E4FF4 /* network_s.png */,
				1A3BB35013DC5471008E4FF4 /* pet_s.png */,
				1A3BB35113DC5471008E4FF4 /* reading_s.png */,
				1A3BB35213DC5471008E4FF4 /* shoes_s.png */,
				1A3BB35313DC5471008E4FF4 /* snack_s.png */,
				1A3BB35413DC5471008E4FF4 /* taxi_s.png */,
				1A3BB35513DC5471008E4FF4 /* touring_s.png */,
				1A3BB35613DC5471008E4FF4 /* transportation_s.png */,
				1A3BB35713DC5471008E4FF4 /* workout_s.png */,
				1AA305B213CCAD5E0032296C /* misc_h.png */,
				1AA305B313CCAD5E0032296C /* misc.png */,
				1AA3055613CC8ECD0032296C /* accesories_h.png */,
				1AA3055713CC8ECD0032296C /* accesories.png */,
				1AA3055813CC8ECD0032296C /* appliance_h.png */,
				1AA3055913CC8ECD0032296C /* appliance.png */,
				1AA3055A13CC8ECD0032296C /* automobile_h.png */,
				1AA3055B13CC8ECD0032296C /* automobile.png */,
				1AA3055C13CC8ECD0032296C /* beauty_h.png */,
				1AA3055D13CC8ECD0032296C /* beauty.png */,
				1AA3055E13CC8ECD0032296C /* beverage_h.png */,
				1AA3055F13CC8ECD0032296C /* beverage.png */,
				1AA3056013CC8ECD0032296C /* clothes_h.png */,
				1AA3056113CC8ECD0032296C /* clothes.png */,
				1AA3056213CC8ECD0032296C /* dining_h.png */,
				1AA3056313CC8ECD0032296C /* dining.png */,
				1AA3056413CC8ECD0032296C /* drink_h.png */,
				1AA3056513CC8ECD0032296C /* drink.png */,
				1AA3056613CC8ECD0032296C /* health_h.png */,
				1AA3056713CC8ECD0032296C /* health.png */,
				1AA3056813CC8ECD0032296C /* hobby_h.png */,
				1AA3056913CC8ECD0032296C /* hobby.png */,
				1AA3056A13CC8ECD0032296C /* learning_h.png */,
				1AA3056B13CC8ECD0032296C /* learning.png */,
				1AA3056C13CC8ECD0032296C /* lesure_h.png */,
				1AA3056D13CC8ECD0032296C /* lesure.png */,
				1AA3056E13CC8ECD0032296C /* living_h.png */,
				1AA3056F13CC8ECD0032296C /* living.png */,
				1AA3057213CC8ECD0032296C /* network_h.png */,
				1AA3057313CC8ECD0032296C /* network.png */,
				1AA3057413CC8ECD0032296C /* pet_h.png */,
				1AA3057513CC8ECD0032296C /* pet.png */,
				1AA3057613CC8ECD0032296C /* reading_h.png */,
				1AA3057713CC8ECD0032296C /* reading.png */,
				1AA3057813CC8ECD0032296C /* shoes_h.png */,
				1AA3057913CC8ECD0032296C /* shoes.png */,
				1AA3057A13CC8ECD0032296C /* snack_h.png */,
				1AA3057B13CC8ECD0032296C /* snack.png */,
				1AA3057C13CC8ECD0032296C /* taxi_h.png */,
				1AA3057D13CC8ECD0032296C /* taxi.png */,
				1AA3057E13CC8ECD0032296C /* touring_h.png */,
				1AA3057F13CC8ECD0032296C /* touring.png */,
				1AA3058013CC8ECD0032296C /* transportation_h.png */,
				1AA3058113CC8ECD0032296C /* transportation.png */,
				1AA3058213CC8ECD0032296C /* workout_h.png */,
				1AA3058313CC8ECD0032296C /* workout.png */,
				1AE433A213762B7A005AAB8F /* iconlist.plist */,
			);
			name = "Category Icons";
			sourceTree = "<group>";
		};
		1A459D79138799A100036EC2 /* Arts */ = {
			isa = PBXGroup;
			children = (
				1A6B5E0A13F2BD09007BC798 /* calc.button.down.png */,
				1A6B5E0B13F2BD09007BC798 /* calc.button.down@2x.png */,
				1A6B5E0C13F2BD09007BC798 /* calc.button.green.down.png */,
				1A6B5E0D13F2BD09007BC798 /* calc.button.green.down@2x.png */,
				1A6B5E0E13F2BD09007BC798 /* calc.button.png */,
				1A6B5E0F13F2BD09007BC798 /* calc.button@2x.png */,
				1A6B5E1013F2BD09007BC798 /* calc.dot.png */,
				1A6B5E1113F2BD09007BC798 /* calc.dot@2x.png */,
				1AA75CE013F19D7800D8016E /* switch.amount.png */,
				1AA75CE113F19D7800D8016E /* switch.amount@2x.png */,
				1AA75CE213F19D7800D8016E /* switch.category.png */,
				1AA75CE313F19D7800D8016E /* switch.category@2x.png */,
				1AA75C3F13F198BE00D8016E /* photo.png */,
				1AA75C4013F198BE00D8016E /* settings.about.png */,
				1AA75C4113F198BE00D8016E /* settings.budget.png */,
				1AA75C4213F198BE00D8016E /* settings.startup.png */,
				1AA75C3913F1976A00D8016E /* camera.png */,
				1AA75C3A13F1976A00D8016E /* camera.selected.png */,
				1AA75C3B13F1976A00D8016E /* camera.selected@2x.png */,
				1AA75C1D13F16E9E00D8016E /* calc.button.green.png */,
				1AA75C1E13F16E9E00D8016E /* calc.button.green@2x.png */,
				1AA75C1F13F16E9E00D8016E /* calc.delete.png */,
				1AA75C2013F16E9E00D8016E /* calc.delete@2x.png */,
				1AA75C2113F16E9E00D8016E /* calc.divide.png */,
				1AA75C2213F16E9E00D8016E /* calc.divide@2x.png */,
				1AA75C2313F16E9E00D8016E /* calc.minus.png */,
				1AA75C2413F16E9E00D8016E /* calc.minus@2x.png */,
				1AA75C2513F16E9E00D8016E /* calc.multiply.png */,
				1AA75C2613F16E9E00D8016E /* calc.multiply@2x.png */,
				1AA75C2713F16E9E00D8016E /* calc.plus.png */,
				1AA75C2813F16E9E00D8016E /* calc.plus@2x.png */,
				1AA75C1B13F15C4C00D8016E /* dotline.png */,
				1AA75C1313F1564400D8016E /* button.small.base.png */,
				1AA75C1413F1564400D8016E /* button.small.base@2x.png */,
				1AA75C1513F1564400D8016E /* button.small.selected.png */,
				1AA75C1613F1564400D8016E /* button.small.selected@2x.png */,
				1AA75C0F13F154B200D8016E /* tab.down.png */,
				1AA75C1013F154B200D8016E /* tab.down@2x.png */,
				1AA75C0B13F1542E00D8016E /* sticker.png */,
				1AF99C5E13F057A5008DF7D0 /* footer@2x.png */,
				1AF99C5F13F057A5008DF7D0 /* header@2x.png */,
				1AF99C5A13F056C0008DF7D0 /* launch.png */,
				1AF99C5B13F056C0008DF7D0 /* launch@2x.png */,
				1AF99C5813F0549B008DF7D0 /* thread@2x.png */,
				1AF99C5213F0534A008DF7D0 /* frame.png */,
				1AF99C5313F0534A008DF7D0 /* unknown.png */,
				1AF99C5013F0528A008DF7D0 /* arrow.png */,
				1AF99C4E13F051E5008DF7D0 /* settings.png */,
				1AF99C4613F05093008DF7D0 /* button.base.png */,
				1AF99C4713F05093008DF7D0 /* button.base@2x.png */,
				1AF99C4813F05093008DF7D0 /* button.selected.png */,
				1AF99C4913F05093008DF7D0 /* button.selected@2x.png */,
				1AF99C4213F05024008DF7D0 /* filter.png */,
				1AF99C4313F05024008DF7D0 /* filter@2x.png */,
				1AF99C3913F04E7A008DF7D0 /* add.transaction.png */,
				1AF99C3A13F04E7A008DF7D0 /* tab.button.png */,
				1AF99C3B13F04E7A008DF7D0 /* tab.history.png */,
				1AF99C3C13F04E7A008DF7D0 /* tab.today.png */,
				1AD88A1D13ED6C8800804635 /* settings.about@2x.png */,
				1AD88A1E13ED6C8800804635 /* settings.budget@2x.png */,
				1AD88A1F13ED6C8800804635 /* settings.startup@2x.png */,
				1AF6BD2013EC24C500D78022 /* woju.png */,
				1AF6BD2113EC24C500D78022 /* woju@2x.png */,
				1AB6820D13EAFAC100AF7265 /* frame@2x.png */,
				1AB6820B13EAFAB900AF7265 /* unknown@2x.png */,
				1AB6820913EAF32200AF7265 /* sticker@2x.png */,
				1AB6820513EAE2BA00AF7265 /* tab.button@2x.png */,
				1AB681FF13EAE26200AF7265 /* add.transaction@2x.png */,
				1AB6820013EAE26200AF7265 /* tab.history@2x.png */,
				1AB6820113EAE26200AF7265 /* tab.today@2x.png */,
				1AB681FB13EAE05300AF7265 /* settings@2x.png */,
				1AB681F613EADFCF00AF7265 /* arrow@2x.png */,
				1AC167F413E8495400FB1044 /* photo@2x.png */,
				1AC1F12E13DEF96400A1C7AD /* camera@2x.png */,
				1AC20BF813D5C216004A4E32 /* keyboardbglite.png */,
				1A459D9F1387D06C00036EC2 /* keyboardbg.png */,
				1A459D7B138799B800036EC2 /* boxtop.png */,
				1A459D7D138799B800036EC2 /* footer.png */,
				1A459D7E138799B800036EC2 /* greenpaper.png */,
				1A459D7F138799B800036EC2 /* header.png */,
				1A459D81138799B800036EC2 /* hline.png */,
				1A459D84138799B800036EC2 /* stamp.png */,
				1A459D85138799B800036EC2 /* thread.png */,
				1A459D87138799B800036EC2 /* whitepaper.png */,
			);
			name = Arts;
			sourceTree = "<group>";
		};
		1A6B5E5313F2EA11007BC798 /* Cells */ = {
			isa = PBXGroup;
			children = (
				1A6B5E5013F2C4B7007BC798 /* ExpenseCell.xib */,
				1A6B5E5413F2EA75007BC798 /* ExpenseCellWithDate.xib */,
				1A6B5E5613F2EBCB007BC798 /* CellHeader.xib */,
				1A6B5E5813F2EBFF007BC798 /* CellFooter.xib */,
			);
			name = Cells;
			sourceTree = "<group>";
		};
		1A9430AE13F4184C0040D62B /* Gadgets */ = {
			isa = PBXGroup;
			children = (
				1A9430B013F418870040D62B /* MonthPickerController.h */,
				1A9430B113F418870040D62B /* MonthPickerController.m */,
				1A9430B213F418870040D62B /* MonthPickerController.xib */,
			);
			name = Gadgets;
			sourceTree = "<group>";
		};
		1AAD1382132BB1AF0035BA92 = {
			isa = PBXGroup;
			children = (
				1A1DEAD41356135D00505A56 /* libstdc++.dylib */,
				1A1DEAD21356133200505A56 /* libsqlite3.0.dylib */,
				1AAD1397132BB1B00035BA92 /* woojuu */,
				1AAD1390132BB1B00035BA92 /* Frameworks */,
				1AAD138E132BB1B00035BA92 /* Products */,
			);
			sourceTree = "<group>";
		};
		1AAD138E132BB1B00035BA92 /* Products */ = {
			isa = PBXGroup;
			children = (
				1AAD138D132BB1B00035BA92 /* woojuu.app */,
			);
			name = Products;
			sourceTree = "<group>";
		};
		1AAD1390132BB1B00035BA92 /* Frameworks */ = {
			isa = PBXGroup;
			children = (
				1AE4339F1375AC82005AAB8F /* QuartzCore.framework */,
				1AAD1391132BB1B00035BA92 /* UIKit.framework */,
				1AAD1393132BB1B00035BA92 /* Foundation.framework */,
				1AAD1395132BB1B00035BA92 /* CoreGraphics.framework */,
			);
			name = Frameworks;
			sourceTree = "<group>";
		};
		1AAD1397132BB1B00035BA92 /* woojuu */ = {
			isa = PBXGroup;
			children = (
				1A459D79138799A100036EC2 /* Arts */,
				1A459D731387999A00036EC2 /* RootViewController.h */,
				1A459D741387999A00036EC2 /* RootViewController.m */,
				1AE5C66E139A2C51008EC75A /* PlanManager.h */,
				1AE5C66F139A2C51008EC75A /* PlanManager.m */,
				1AE433A413763513005AAB8F /* BudgetManager.h */,
				1AE433A513763513005AAB8F /* BudgetManager.m */,
				1A1DEACF13560F3800505A56 /* Database.h */,
				1A1DEACE13560F3800505A56 /* Database.m */,
				1A1DEADC1357662200505A56 /* CategoryManager.h */,
				1A1DEADD1357662200505A56 /* CategoryManager.m */,
				1AA03952135A8D3400245B2C /* ExpenseManager.h */,
				1AA03953135A8D3400245B2C /* ExpenseManager.m */,
				1A40E91213C2B97400A60279 /* Utility.h */,
				1A40E91113C2B97400A60279 /* Utility.m */,
				1AA6C1F513D2AB1E002CE001 /* Statistics.h */,
				1AA6C1F613D2AB1E002CE001 /* Statistics.m */,
				1AAD13DE133345B80035BA92 /* Nibs */,
				1A6B5E5313F2EA11007BC798 /* Cells */,
				1AD88A6A13ED90DB00804635 /* Table View Controllers */,
				1A9430AE13F4184C0040D62B /* Gadgets */,
				1AAD13A0132BB1B00035BA92 /* helloAppDelegate.h */,
				1AAD13A1132BB1B00035BA92 /* helloAppDelegate.mm */,
				1AAD13A6132BB1B00035BA92 /* FirstViewController.h */,
				1AAD13A7132BB1B00035BA92 /* FirstViewController.m */,
				1AAD13A9132BB1B00035BA92 /* SecondViewController.h */,
				1AAD13AA132BB1B00035BA92 /* SecondViewController.m */,
				1AAD13B7132BB5770035BA92 /* MiddleViewController.h */,
				1AAD13B8132BB5770035BA92 /* MiddleViewController.m */,
				1A05809913752FBD00933267 /* CategoryViewController.h */,
				1A05809A13752FBD00933267 /* CategoryViewController.m */,
				1AD88A6413ED88E300804635 /* BudgetView.h */,
				1AAD13D9133345A90035BA92 /* BudgetView.m */,
				1AAD13E513335A160035BA92 /* SettingView.h */,
				1AAD13E613335A170035BA92 /* SettingView.m */,
				1AAD139D132BB1B00035BA92 /* woojuu-Prefix.pch */,
				1AAD139E132BB1B00035BA92 /* main.m */,
				1AD88A6B13ED96D500804635 /* AboutViewController.h */,
				1AD88A6C13ED96D600804635 /* AboutViewController.m */,
				1AAD1398132BB1B00035BA92 /* Supporting Files */,
			);
			name = woojuu;
			path = hello;
			sourceTree = "<group>";
		};
		1AAD1398132BB1B00035BA92 /* Supporting Files */ = {
			isa = PBXGroup;
			children = (
				1A0580AA137546D700933267 /* Category Icons */,
				1A1DEACB13560D4200505A56 /* dbtemplate.sqlite */,
				1AAD1399132BB1B00035BA92 /* woojuu-Info.plist */,
				1AAD139A132BB1B00035BA92 /* InfoPlist.strings */,
			);
			name = "Supporting Files";
			sourceTree = "<group>";
		};
		1AAD13DE133345B80035BA92 /* Nibs */ = {
			isa = PBXGroup;
			children = (
				1A6B5E4413F2C47C007BC798 /* MainWindow.xib */,
				1A6B5E4613F2C48E007BC798 /* FirstView.xib */,
				1A6B5E4813F2C495007BC798 /* SecondView.xib */,
				1A6B5E4A13F2C49D007BC798 /* MiddleView.xib */,
				1A6B5E4C13F2C4A6007BC798 /* BudgetView.xib */,
				1A6B5E4E13F2C4B0007BC798 /* SettingView.xib */,
				1A6B5E5213F2C4C2007BC798 /* AboutViewController.xib */,
			);
			name = Nibs;
			sourceTree = "<group>";
		};
		1AD88A6A13ED90DB00804635 /* Table View Controllers */ = {
			isa = PBXGroup;
			children = (
				1AD88A6513ED90C100804635 /* ExpenseHistoryViewController.h */,
				1AD88A6613ED90C200804635 /* ExpenseHistoryViewController.m */,
				1AD88A6713ED90C200804635 /* ExpenseHistoryViewController.xib */,
			);
			name = "Table View Controllers";
			sourceTree = "<group>";
		};
/* End PBXGroup section */

/* Begin PBXNativeTarget section */
		1AAD138C132BB1B00035BA92 /* woojuu */ = {
			isa = PBXNativeTarget;
			buildConfigurationList = 1AAD13B4132BB1B00035BA92 /* Build configuration list for PBXNativeTarget "woojuu" */;
			buildPhases = (
				1AAD1389132BB1B00035BA92 /* Sources */,
				1AAD138A132BB1B00035BA92 /* Frameworks */,
				1AAD138B132BB1B00035BA92 /* Resources */,
			);
			buildRules = (
			);
			dependencies = (
			);
			name = woojuu;
			productName = hello;
			productReference = 1AAD138D132BB1B00035BA92 /* woojuu.app */;
			productType = "com.apple.product-type.application";
		};
/* End PBXNativeTarget section */

/* Begin PBXProject section */
		1AAD1384132BB1AF0035BA92 /* Project object */ = {
			isa = PBXProject;
			buildConfigurationList = 1AAD1387132BB1AF0035BA92 /* Build configuration list for PBXProject "woojuu" */;
			compatibilityVersion = "Xcode 3.2";
			developmentRegion = English;
			hasScannedForEncodings = 0;
			knownRegions = (
				en,
				"zh-Hans",
			);
			mainGroup = 1AAD1382132BB1AF0035BA92;
			productRefGroup = 1AAD138E132BB1B00035BA92 /* Products */;
			projectDirPath = "";
			projectRoot = "";
			targets = (
				1AAD138C132BB1B00035BA92 /* woojuu */,
			);
		};
/* End PBXProject section */

/* Begin PBXResourcesBuildPhase section */
		1AAD138B132BB1B00035BA92 /* Resources */ = {
			isa = PBXResourcesBuildPhase;
			buildActionMask = 2147483647;
			files = (
				1AAD139C132BB1B00035BA92 /* InfoPlist.strings in Resources */,
				1A6B5E4313F2C47C007BC798 /* MainWindow.xib in Resources */,
				1A6B5E4513F2C48E007BC798 /* FirstView.xib in Resources */,
				1A6B5E4713F2C495007BC798 /* SecondView.xib in Resources */,
				1A6B5E4913F2C49D007BC798 /* MiddleView.xib in Resources */,
				1A6B5E4B13F2C4A6007BC798 /* BudgetView.xib in Resources */,
				1A6B5E4D13F2C4B0007BC798 /* SettingView.xib in Resources */,
				1A6B5E4F13F2C4B6007BC798 /* ExpenseCell.xib in Resources */,
				1A1DEACC13560D4200505A56 /* dbtemplate.sqlite in Resources */,
				1AE433A313762B7A005AAB8F /* iconlist.plist in Resources */,
				1A459D89138799B800036EC2 /* boxtop.png in Resources */,
				1A459D8B138799B800036EC2 /* footer.png in Resources */,
				1A459D8C138799B800036EC2 /* greenpaper.png in Resources */,
				1A459D8D138799B800036EC2 /* header.png in Resources */,
				1A459D8F138799B800036EC2 /* hline.png in Resources */,
				1A459D92138799B800036EC2 /* stamp.png in Resources */,
				1A459D93138799B800036EC2 /* thread.png in Resources */,
				1A459D95138799B800036EC2 /* whitepaper.png in Resources */,
				1A459DA01387D06C00036EC2 /* keyboardbg.png in Resources */,
				1AA3058413CC8ECD0032296C /* accesories_h.png in Resources */,
				1AA3058513CC8ECD0032296C /* accesories.png in Resources */,
				1AA3058613CC8ECD0032296C /* appliance_h.png in Resources */,
				1AA3058713CC8ECD0032296C /* appliance.png in Resources */,
				1AA3058813CC8ECD0032296C /* automobile_h.png in Resources */,
				1AA3058913CC8ECD0032296C /* automobile.png in Resources */,
				1AA3058A13CC8ECD0032296C /* beauty_h.png in Resources */,
				1AA3058B13CC8ECD0032296C /* beauty.png in Resources */,
				1AA3058C13CC8ECD0032296C /* beverage_h.png in Resources */,
				1AA3058D13CC8ECD0032296C /* beverage.png in Resources */,
				1AA3058E13CC8ECD0032296C /* clothes_h.png in Resources */,
				1AA3058F13CC8ECD0032296C /* clothes.png in Resources */,
				1AA3059013CC8ECD0032296C /* dining_h.png in Resources */,
				1AA3059113CC8ECD0032296C /* dining.png in Resources */,
				1AA3059213CC8ECD0032296C /* drink_h.png in Resources */,
				1AA3059313CC8ECD0032296C /* drink.png in Resources */,
				1AA3059413CC8ECD0032296C /* health_h.png in Resources */,
				1AA3059513CC8ECD0032296C /* health.png in Resources */,
				1AA3059613CC8ECD0032296C /* hobby_h.png in Resources */,
				1AA3059713CC8ECD0032296C /* hobby.png in Resources */,
				1AA3059813CC8ECD0032296C /* learning_h.png in Resources */,
				1AA3059913CC8ECD0032296C /* learning.png in Resources */,
				1AA3059A13CC8ECD0032296C /* lesure_h.png in Resources */,
				1AA3059B13CC8ECD0032296C /* lesure.png in Resources */,
				1AA3059C13CC8ECD0032296C /* living_h.png in Resources */,
				1AA3059D13CC8ECD0032296C /* living.png in Resources */,
				1AA305A013CC8ECD0032296C /* network_h.png in Resources */,
				1AA305A113CC8ECD0032296C /* network.png in Resources */,
				1AA305A213CC8ECD0032296C /* pet_h.png in Resources */,
				1AA305A313CC8ECD0032296C /* pet.png in Resources */,
				1AA305A413CC8ECD0032296C /* reading_h.png in Resources */,
				1AA305A513CC8ECD0032296C /* reading.png in Resources */,
				1AA305A613CC8ECD0032296C /* shoes_h.png in Resources */,
				1AA305A713CC8ECD0032296C /* shoes.png in Resources */,
				1AA305A813CC8ECD0032296C /* snack_h.png in Resources */,
				1AA305A913CC8ECD0032296C /* snack.png in Resources */,
				1AA305AA13CC8ECD0032296C /* taxi_h.png in Resources */,
				1AA305AB13CC8ECD0032296C /* taxi.png in Resources */,
				1AA305AC13CC8ECD0032296C /* touring_h.png in Resources */,
				1AA305AD13CC8ECD0032296C /* touring.png in Resources */,
				1AA305AE13CC8ECD0032296C /* transportation_h.png in Resources */,
				1AA305AF13CC8ECD0032296C /* transportation.png in Resources */,
				1AA305B013CC8ECD0032296C /* workout_h.png in Resources */,
				1AA305B113CC8ECD0032296C /* workout.png in Resources */,
				1AA305B413CCAD5E0032296C /* misc_h.png in Resources */,
				1AA305B513CCAD5E0032296C /* misc.png in Resources */,
				1AC20BF913D5C216004A4E32 /* keyboardbglite.png in Resources */,
				1A3BB35813DC5471008E4FF4 /* accesories_s.png in Resources */,
				1A3BB35913DC5471008E4FF4 /* appliance_s.png in Resources */,
				1A3BB35A13DC5471008E4FF4 /* automobile_s.png in Resources */,
				1A3BB35B13DC5471008E4FF4 /* beauty_s.png in Resources */,
				1A3BB35C13DC5471008E4FF4 /* beverage_s.png in Resources */,
				1A3BB35D13DC5471008E4FF4 /* clothes_s.png in Resources */,
				1A3BB35E13DC5471008E4FF4 /* dining_s.png in Resources */,
				1A3BB35F13DC5471008E4FF4 /* drink_s.png in Resources */,
				1A3BB36013DC5471008E4FF4 /* health_s.png in Resources */,
				1A3BB36113DC5471008E4FF4 /* hobby_s.png in Resources */,
				1A3BB36213DC5471008E4FF4 /* learning_s.png in Resources */,
				1A3BB36313DC5471008E4FF4 /* lesure_s.png in Resources */,
				1A3BB36413DC5471008E4FF4 /* living_s.png in Resources */,
				1A3BB36513DC5471008E4FF4 /* misc_s.png in Resources */,
				1A3BB36613DC5471008E4FF4 /* network_s.png in Resources */,
				1A3BB36713DC5471008E4FF4 /* pet_s.png in Resources */,
				1A3BB36813DC5471008E4FF4 /* reading_s.png in Resources */,
				1A3BB36913DC5471008E4FF4 /* shoes_s.png in Resources */,
				1A3BB36A13DC5471008E4FF4 /* snack_s.png in Resources */,
				1A3BB36B13DC5471008E4FF4 /* taxi_s.png in Resources */,
				1A3BB36C13DC5471008E4FF4 /* touring_s.png in Resources */,
				1A3BB36D13DC5471008E4FF4 /* transportation_s.png in Resources */,
				1A3BB36E13DC5471008E4FF4 /* workout_s.png in Resources */,
				1AC1F13213DEF96400A1C7AD /* camera@2x.png in Resources */,
				1AC167F513E8495500FB1044 /* photo@2x.png in Resources */,
				1AB681F713EADFCF00AF7265 /* arrow@2x.png in Resources */,
				1AB681FE13EAE05300AF7265 /* settings@2x.png in Resources */,
				1AB6820213EAE26200AF7265 /* add.transaction@2x.png in Resources */,
				1AB6820313EAE26200AF7265 /* tab.history@2x.png in Resources */,
				1AB6820413EAE26200AF7265 /* tab.today@2x.png in Resources */,
				1AB6820613EAE2BA00AF7265 /* tab.button@2x.png in Resources */,
				1AB6820A13EAF32200AF7265 /* sticker@2x.png in Resources */,
				1AB6820C13EAFAB900AF7265 /* unknown@2x.png in Resources */,
				1AB6820E13EAFAC100AF7265 /* frame@2x.png in Resources */,
				1AF6BD2213EC24C500D78022 /* woju.png in Resources */,
				1AF6BD2313EC24C500D78022 /* woju@2x.png in Resources */,
				1AD88A2013ED6C8800804635 /* settings.about@2x.png in Resources */,
				1AD88A2113ED6C8800804635 /* settings.budget@2x.png in Resources */,
				1AD88A2213ED6C8800804635 /* settings.startup@2x.png in Resources */,
				1AD88A6913ED90C300804635 /* ExpenseHistoryViewController.xib in Resources */,
				1A6B5E5113F2C4C2007BC798 /* AboutViewController.xib in Resources */,
				1AF99C3D13F04E7A008DF7D0 /* add.transaction.png in Resources */,
				1AF99C3E13F04E7A008DF7D0 /* tab.button.png in Resources */,
				1AF99C3F13F04E7A008DF7D0 /* tab.history.png in Resources */,
				1AF99C4013F04E7A008DF7D0 /* tab.today.png in Resources */,
				1AF99C4413F05024008DF7D0 /* filter.png in Resources */,
				1AF99C4513F05024008DF7D0 /* filter@2x.png in Resources */,
				1AF99C4A13F05093008DF7D0 /* button.base.png in Resources */,
				1AF99C4B13F05093008DF7D0 /* button.base@2x.png in Resources */,
				1AF99C4C13F05093008DF7D0 /* button.selected.png in Resources */,
				1AF99C4D13F05093008DF7D0 /* button.selected@2x.png in Resources */,
				1AF99C4F13F051E5008DF7D0 /* settings.png in Resources */,
				1AF99C5113F0528A008DF7D0 /* arrow.png in Resources */,
				1AF99C5413F0534A008DF7D0 /* frame.png in Resources */,
				1AF99C5513F0534A008DF7D0 /* unknown.png in Resources */,
				1AF99C5913F0549B008DF7D0 /* thread@2x.png in Resources */,
				1AF99C5C13F056C0008DF7D0 /* launch.png in Resources */,
				1AF99C5D13F056C0008DF7D0 /* launch@2x.png in Resources */,
				1AF99C6013F057A5008DF7D0 /* footer@2x.png in Resources */,
				1AF99C6113F057A5008DF7D0 /* header@2x.png in Resources */,
				1AA75C0E13F1542E00D8016E /* sticker.png in Resources */,
				1AA75C1113F154B200D8016E /* tab.down.png in Resources */,
				1AA75C1213F154B200D8016E /* tab.down@2x.png in Resources */,
				1AA75C1713F1564400D8016E /* button.small.base.png in Resources */,
				1AA75C1813F1564400D8016E /* button.small.base@2x.png in Resources */,
				1AA75C1913F1564400D8016E /* button.small.selected.png in Resources */,
				1AA75C1A13F1564400D8016E /* button.small.selected@2x.png in Resources */,
				1AA75C1C13F15C4C00D8016E /* dotline.png in Resources */,
				1AA75C2B13F16E9E00D8016E /* calc.button.green.png in Resources */,
				1AA75C2C13F16E9E00D8016E /* calc.button.green@2x.png in Resources */,
				1AA75C2D13F16E9E00D8016E /* calc.delete.png in Resources */,
				1AA75C2E13F16E9E00D8016E /* calc.delete@2x.png in Resources */,
				1AA75C2F13F16E9E00D8016E /* calc.divide.png in Resources */,
				1AA75C3013F16E9E00D8016E /* calc.divide@2x.png in Resources */,
				1AA75C3113F16E9E00D8016E /* calc.minus.png in Resources */,
				1AA75C3213F16E9E00D8016E /* calc.minus@2x.png in Resources */,
				1AA75C3313F16E9E00D8016E /* calc.multiply.png in Resources */,
				1AA75C3413F16E9E00D8016E /* calc.multiply@2x.png in Resources */,
				1AA75C3513F16E9E00D8016E /* calc.plus.png in Resources */,
				1AA75C3613F16E9E00D8016E /* calc.plus@2x.png in Resources */,
				1AA75C3C13F1976A00D8016E /* camera.png in Resources */,
				1AA75C3D13F1976A00D8016E /* camera.selected.png in Resources */,
				1AA75C3E13F1976A00D8016E /* camera.selected@2x.png in Resources */,
				1AA75C4313F198BE00D8016E /* photo.png in Resources */,
				1AA75C4413F198BE00D8016E /* settings.about.png in Resources */,
				1AA75C4513F198BE00D8016E /* settings.budget.png in Resources */,
				1AA75C4613F198BE00D8016E /* settings.startup.png in Resources */,
				1AA75CE413F19D7800D8016E /* switch.amount.png in Resources */,
				1AA75CE513F19D7800D8016E /* switch.amount@2x.png in Resources */,
				1AA75CE613F19D7800D8016E /* switch.category.png in Resources */,
				1AA75CE713F19D7800D8016E /* switch.category@2x.png in Resources */,
				1A6B5E1213F2BD09007BC798 /* calc.button.down.png in Resources */,
				1A6B5E1313F2BD09007BC798 /* calc.button.down@2x.png in Resources */,
				1A6B5E1413F2BD09007BC798 /* calc.button.green.down.png in Resources */,
				1A6B5E1513F2BD09007BC798 /* calc.button.green.down@2x.png in Resources */,
				1A6B5E1613F2BD09007BC798 /* calc.button.png in Resources */,
				1A6B5E1713F2BD09007BC798 /* calc.button@2x.png in Resources */,
				1A6B5E1813F2BD09007BC798 /* calc.dot.png in Resources */,
				1A6B5E1913F2BD09007BC798 /* calc.dot@2x.png in Resources */,
				1A6B5E5513F2EA75007BC798 /* ExpenseCellWithDate.xib in Resources */,
				1A6B5E5713F2EBCB007BC798 /* CellHeader.xib in Resources */,
				1A6B5E5913F2EBFF007BC798 /* CellFooter.xib in Resources */,
				1A9430B413F418870040D62B /* MonthPickerController.xib in Resources */,
			);
			runOnlyForDeploymentPostprocessing = 0;
		};
/* End PBXResourcesBuildPhase section */

/* Begin PBXSourcesBuildPhase section */
		1AAD1389132BB1B00035BA92 /* Sources */ = {
			isa = PBXSourcesBuildPhase;
			buildActionMask = 2147483647;
			files = (
				1AAD139F132BB1B00035BA92 /* main.m in Sources */,
				1AAD13A2132BB1B00035BA92 /* helloAppDelegate.mm in Sources */,
				1AAD13A8132BB1B00035BA92 /* FirstViewController.m in Sources */,
				1AAD13AB132BB1B00035BA92 /* SecondViewController.m in Sources */,
				1AAD13BA132BB5770035BA92 /* MiddleViewController.m in Sources */,
				1AAD13DB133345A90035BA92 /* BudgetView.m in Sources */,
				1AAD13E813335A1C0035BA92 /* SettingView.m in Sources */,
				1A1DEAD113560F3800505A56 /* Database.m in Sources */,
				1A1DEADE1357662200505A56 /* CategoryManager.m in Sources */,
				1AA03954135A8D3500245B2C /* ExpenseManager.m in Sources */,
				1A05809B13752FBD00933267 /* CategoryViewController.m in Sources */,
				1AE433A613763514005AAB8F /* BudgetManager.m in Sources */,
				1A459D761387999A00036EC2 /* RootViewController.m in Sources */,
				1AE5C670139A2C51008EC75A /* PlanManager.m in Sources */,
				1A40E91313C2B97400A60279 /* Utility.m in Sources */,
				1AA6C1F713D2AB1E002CE001 /* Statistics.m in Sources */,
				1AD88A6813ED90C300804635 /* ExpenseHistoryViewController.m in Sources */,
				1AD88A6E13ED96D800804635 /* AboutViewController.m in Sources */,
				1A9430B313F418870040D62B /* MonthPickerController.m in Sources */,
			);
			runOnlyForDeploymentPostprocessing = 0;
		};
/* End PBXSourcesBuildPhase section */

/* Begin PBXVariantGroup section */
		1AAD139A132BB1B00035BA92 /* InfoPlist.strings */ = {
			isa = PBXVariantGroup;
			children = (
				1AAD139B132BB1B00035BA92 /* en */,
			);
			name = InfoPlist.strings;
			sourceTree = "<group>";
		};
/* End PBXVariantGroup section */

/* Begin XCBuildConfiguration section */
		1AAD13B2132BB1B00035BA92 /* Debug */ = {
			isa = XCBuildConfiguration;
			buildSettings = {
				ARCHS = "$(ARCHS_STANDARD_32_BIT)";
				CODE_SIGN_IDENTITY = "iPhone Developer: RONG LI (QRMAPBMGUW)";
				"CODE_SIGN_IDENTITY[sdk=iphoneos*]" = "iPhone Developer";
				GCC_C_LANGUAGE_STANDARD = gnu99;
				GCC_OPTIMIZATION_LEVEL = 0;
				GCC_PREPROCESSOR_DEFINITIONS = DEBUG;
				GCC_SYMBOLS_PRIVATE_EXTERN = NO;
				GCC_VERSION = com.apple.compilers.llvmgcc42;
				GCC_WARN_ABOUT_RETURN_TYPE = YES;
				GCC_WARN_UNUSED_VARIABLE = YES;
				IPHONEOS_DEPLOYMENT_TARGET = 4.3;
				PRODUCT_NAME = "莴苣账本";
				PROVISIONING_PROFILE = "2FEDAB86-45EF-4C70-B612-A895DF152555";
				SDKROOT = iphoneos;
			};
			name = Debug;
		};
		1AAD13B3132BB1B00035BA92 /* Release */ = {
			isa = XCBuildConfiguration;
			buildSettings = {
				ARCHS = "$(ARCHS_STANDARD_32_BIT)";
				CODE_SIGN_IDENTITY = "iPhone Developer: RONG LI (QRMAPBMGUW)";
				"CODE_SIGN_IDENTITY[sdk=iphoneos*]" = "iPhone Developer";
				GCC_C_LANGUAGE_STANDARD = gnu99;
				GCC_VERSION = com.apple.compilers.llvmgcc42;
				GCC_WARN_ABOUT_RETURN_TYPE = YES;
				GCC_WARN_UNUSED_VARIABLE = YES;
				IPHONEOS_DEPLOYMENT_TARGET = 4.3;
				OTHER_CFLAGS = "-DNS_BLOCK_ASSERTIONS=1";
				PRODUCT_NAME = "莴苣账本";
				PROVISIONING_PROFILE = "2FEDAB86-45EF-4C70-B612-A895DF152555";
				SDKROOT = iphoneos;
			};
			name = Release;
		};
		1AAD13B5132BB1B00035BA92 /* Debug */ = {
			isa = XCBuildConfiguration;
			buildSettings = {
				ALWAYS_SEARCH_USER_PATHS = NO;
				COPY_PHASE_STRIP = NO;
				GCC_DYNAMIC_NO_PIC = NO;
				GCC_PRECOMPILE_PREFIX_HEADER = YES;
				GCC_PREFIX_HEADER = "hello/woojuu-Prefix.pch";
				INFOPLIST_FILE = "hello/woojuu-Info.plist";
				IPHONEOS_DEPLOYMENT_TARGET = 4.0;
				LIBRARY_SEARCH_PATHS = (
					"$(inherited)",
					"\"$(SDKROOT)/usr/lib/gcc/arm-apple-darwin10/4.0.1\"",
				);
				PRODUCT_NAME = woojuu;
				TARGETED_DEVICE_FAMILY = 1;
				WRAPPER_EXTENSION = app;
			};
			name = Debug;
		};
		1AAD13B6132BB1B00035BA92 /* Release */ = {
			isa = XCBuildConfiguration;
			buildSettings = {
				ALWAYS_SEARCH_USER_PATHS = NO;
				COPY_PHASE_STRIP = YES;
				GCC_PRECOMPILE_PREFIX_HEADER = YES;
				GCC_PREFIX_HEADER = "hello/woojuu-Prefix.pch";
				INFOPLIST_FILE = "hello/woojuu-Info.plist";
				IPHONEOS_DEPLOYMENT_TARGET = 4.0;
				LIBRARY_SEARCH_PATHS = (
					"$(inherited)",
					"\"$(SDKROOT)/usr/lib/gcc/arm-apple-darwin10/4.0.1\"",
				);
				PRODUCT_NAME = woojuu;
				TARGETED_DEVICE_FAMILY = 1;
				VALIDATE_PRODUCT = YES;
				WRAPPER_EXTENSION = app;
			};
			name = Release;
		};
/* End XCBuildConfiguration section */

/* Begin XCConfigurationList section */
		1AAD1387132BB1AF0035BA92 /* Build configuration list for PBXProject "woojuu" */ = {
			isa = XCConfigurationList;
			buildConfigurations = (
				1AAD13B2132BB1B00035BA92 /* Debug */,
				1AAD13B3132BB1B00035BA92 /* Release */,
			);
			defaultConfigurationIsVisible = 0;
			defaultConfigurationName = Release;
		};
		1AAD13B4132BB1B00035BA92 /* Build configuration list for PBXNativeTarget "woojuu" */ = {
			isa = XCConfigurationList;
			buildConfigurations = (
				1AAD13B5132BB1B00035BA92 /* Debug */,
				1AAD13B6132BB1B00035BA92 /* Release */,
			);
			defaultConfigurationIsVisible = 0;
			defaultConfigurationName = Release;
		};
/* End XCConfigurationList section */
	};
	rootObject = 1AAD1384132BB1AF0035BA92 /* Project object */;
}
